
Microsoft Visual Studio Solution File, Format Version 12.00
# Visual Studio 14
VisualStudioVersion = 14.0.25420.1
MinimumVisualStudioVersion = 10.0.40219.1
Project("{2150E333-8FDC-42A3-9474-1A3956D46DE8}") = "Common", "Common", "{4E6448BF-9FD5-4619-A051-BF940BAFDCF9}"
EndProject
Project("{2150E333-8FDC-42A3-9474-1A3956D46DE8}") = "Data", "Data", "{3C2C2350-D1BA-493A-A367-77A0802F54AD}"
EndProject
Project("{2150E333-8FDC-42A3-9474-1A3956D46DE8}") = "Server", "Server", "{E8E0BF88-0D23-40B3-AA93-0DFA06D7BD2C}"
EndProject
Project("{FAE04EC0-301F-11D3-BF4B-00C04F79EFBC}") = "CaptureCustomAddIn", "CaptureCustomAddIn\CaptureCustomAddIn.csproj", "{58B24C95-01A2-4C87-925B-071597546FFA}"
	ProjectSection(ProjectDependencies) = postProject
		{D6227043-522B-44F3-AD20-CAB08A80E31D} = {D6227043-522B-44F3-AD20-CAB08A80E31D}
		{55C752B0-1E69-4E06-AB1B-7B5ACC566051} = {55C752B0-1E69-4E06-AB1B-7B5ACC566051}
	EndProjectSection
EndProject
Project("{FAE04EC0-301F-11D3-BF4B-00C04F79EFBC}") = "ExcelCapture", "ExcelCapture\ExcelCapture.csproj", "{B7BC2D20-44A3-4AAA-B33D-ED023CC3BC4D}"
EndProject
Project("{FAE04EC0-301F-11D3-BF4B-00C04F79EFBC}") = "PowerPointCapture", "PowerPointCapture\PowerPointCapture.csproj", "{481D376F-BC41-4C5F-B534-3AA22C1036D8}"
EndProject
Project("{FAE04EC0-301F-11D3-BF4B-00C04F79EFBC}") = "OutlookCapture", "OutlookCapture\OutlookCapture.csproj", "{7E8BA99E-B387-4168-8620-E844AACCA7AF}"
EndProject
Project("{FAE04EC0-301F-11D3-BF4B-00C04F79EFBC}") = "AppHelper", "AppHelper\AppHelper.csproj", "{3966C325-0164-47A7-B526-D19ECDF04180}"
EndProject
Project("{FAE04EC0-301F-11D3-BF4B-00C04F79EFBC}") = "CaptureViewer", "CaptureViewer\CaptureViewer.csproj", "{D6227043-522B-44F3-AD20-CAB08A80E31D}"
EndProject
Project("{FAE04EC0-301F-11D3-BF4B-00C04F79EFBC}") = "CustomControl", "CustomControl\CustomControl.csproj", "{DAD3886B-C8C6-463A-A07D-ED08C85F8D08}"
EndProject
Project("{FAE04EC0-301F-11D3-BF4B-00C04F79EFBC}") = "Mvvm", "Mvvm\Mvvm.csproj", "{81D27875-F5C9-423F-BD44-509D7A8F951C}"
EndProject
Project("{FAE04EC0-301F-11D3-BF4B-00C04F79EFBC}") = "Service.Contract", "Service.Contract\Service.Contract.csproj", "{CC2AE1F7-17EE-4FA5-A9BC-B3CC38526CAB}"
EndProject
Project("{FAE04EC0-301F-11D3-BF4B-00C04F79EFBC}") = "Utility", "Utility\Utility.csproj", "{F5B8F368-604C-4CFD-95E6-6CB7F2BCB832}"
EndProject
Project("{FAE04EC0-301F-11D3-BF4B-00C04F79EFBC}") = "CaptureDomain", "CaptureDomain\CaptureDomain.csproj", "{1FAFF4DB-A95F-44F8-BEE6-5D6903F37FDF}"
EndProject
Project("{FAE04EC0-301F-11D3-BF4B-00C04F79EFBC}") = "CaptureModel", "CaptureModel\CaptureModel.csproj", "{55C752B0-1E69-4E06-AB1B-7B5ACC566051}"
EndProject
Project("{FAE04EC0-301F-11D3-BF4B-00C04F79EFBC}") = "Localization", "Localization\Localization.csproj", "{E3D700D5-BDFB-4777-8E9C-53E8F943AC58}"
EndProject
Project("{FAE04EC0-301F-11D3-BF4B-00C04F79EFBC}") = "Service.Web", "Service.Web\Service.Web.csproj", "{B7202B23-8AE0-42CC-A2DF-C738C601C4E3}"
EndProject
Project("{FAE04EC0-301F-11D3-BF4B-00C04F79EFBC}") = "CaptureService", "CaptureService\CaptureService.csproj", "{C31AFE2D-C6E4-4A5B-8947-151E2CAC4411}"
EndProject
Project("{FAE04EC0-301F-11D3-BF4B-00C04F79EFBC}") = "CaptureCore", "CaptureCore\CaptureCore.csproj", "{E9CC17D0-862A-40A2-9C1C-0C8380E3C636}"
EndProject
Project("{FAE04EC0-301F-11D3-BF4B-00C04F79EFBC}") = "CaptureDAO", "CaptureDAO\CaptureDAO.csproj", "{52E61691-8486-448A-BA30-98396F545553}"
EndProject
Project("{FAE04EC0-301F-11D3-BF4B-00C04F79EFBC}") = "WordCapture", "WordCapture\WordCapture.csproj", "{7F264FBC-EF81-4896-BFC5-93573A39C338}"
EndProject
Project("{6141683F-8A12-4E36-9623-2EB02B2C2303}") = "CaptureOfficeAddOnSetup", "CaptureOfficeAddOnSetup\CaptureOfficeAddOnSetup.isproj", "{AF9B19FA-69C9-4980-A922-143F88A55850}"
EndProject
Global
	GlobalSection(SolutionConfigurationPlatforms) = preSolution
		CD_ROM|Any CPU = CD_ROM|Any CPU
		Debug|Any CPU = Debug|Any CPU
		DVD-5|Any CPU = DVD-5|Any CPU
		Release Obfuscated|Any CPU = Release Obfuscated|Any CPU
		Release|Any CPU = Release|Any CPU
		SingleImage|Any CPU = SingleImage|Any CPU
	EndGlobalSection
	GlobalSection(ProjectConfigurationPlatforms) = postSolution
		{58B24C95-01A2-4C87-925B-071597546FFA}.CD_ROM|Any CPU.ActiveCfg = Release|Any CPU
		{58B24C95-01A2-4C87-925B-071597546FFA}.CD_ROM|Any CPU.Build.0 = Release|Any CPU
		{58B24C95-01A2-4C87-925B-071597546FFA}.Debug|Any CPU.ActiveCfg = Debug|Any CPU
		{58B24C95-01A2-4C87-925B-071597546FFA}.Debug|Any CPU.Build.0 = Debug|Any CPU
		{58B24C95-01A2-4C87-925B-071597546FFA}.DVD-5|Any CPU.ActiveCfg = Debug|Any CPU
		{58B24C95-01A2-4C87-925B-071597546FFA}.DVD-5|Any CPU.Build.0 = Debug|Any CPU
		{58B24C95-01A2-4C87-925B-071597546FFA}.Release Obfuscated|Any CPU.ActiveCfg = Release|Any CPU
		{58B24C95-01A2-4C87-925B-071597546FFA}.Release Obfuscated|Any CPU.Build.0 = Release|Any CPU
		{58B24C95-01A2-4C87-925B-071597546FFA}.Release|Any CPU.ActiveCfg = Release|Any CPU
		{58B24C95-01A2-4C87-925B-071597546FFA}.Release|Any CPU.Build.0 = Release|Any CPU
		{58B24C95-01A2-4C87-925B-071597546FFA}.SingleImage|Any CPU.ActiveCfg = Release|Any CPU
		{58B24C95-01A2-4C87-925B-071597546FFA}.SingleImage|Any CPU.Build.0 = Release|Any CPU
		{B7BC2D20-44A3-4AAA-B33D-ED023CC3BC4D}.CD_ROM|Any CPU.ActiveCfg = Release|Any CPU
		{B7BC2D20-44A3-4AAA-B33D-ED023CC3BC4D}.CD_ROM|Any CPU.Build.0 = Release|Any CPU
		{B7BC2D20-44A3-4AAA-B33D-ED023CC3BC4D}.Debug|Any CPU.ActiveCfg = Debug|Any CPU
		{B7BC2D20-44A3-4AAA-B33D-ED023CC3BC4D}.Debug|Any CPU.Build.0 = Debug|Any CPU
		{B7BC2D20-44A3-4AAA-B33D-ED023CC3BC4D}.DVD-5|Any CPU.ActiveCfg = Debug|Any CPU
		{B7BC2D20-44A3-4AAA-B33D-ED023CC3BC4D}.DVD-5|Any CPU.Build.0 = Debug|Any CPU
		{B7BC2D20-44A3-4AAA-B33D-ED023CC3BC4D}.Release Obfuscated|Any CPU.ActiveCfg = Release|Any CPU
		{B7BC2D20-44A3-4AAA-B33D-ED023CC3BC4D}.Release Obfuscated|Any CPU.Build.0 = Release|Any CPU
		{B7BC2D20-44A3-4AAA-B33D-ED023CC3BC4D}.Release|Any CPU.ActiveCfg = Release|Any CPU
		{B7BC2D20-44A3-4AAA-B33D-ED023CC3BC4D}.Release|Any CPU.Build.0 = Release|Any CPU
		{B7BC2D20-44A3-4AAA-B33D-ED023CC3BC4D}.SingleImage|Any CPU.ActiveCfg = Release|Any CPU
		{B7BC2D20-44A3-4AAA-B33D-ED023CC3BC4D}.SingleImage|Any CPU.Build.0 = Release|Any CPU
		{481D376F-BC41-4C5F-B534-3AA22C1036D8}.CD_ROM|Any CPU.ActiveCfg = Release|Any CPU
		{481D376F-BC41-4C5F-B534-3AA22C1036D8}.CD_ROM|Any CPU.Build.0 = Release|Any CPU
		{481D376F-BC41-4C5F-B534-3AA22C1036D8}.Debug|Any CPU.ActiveCfg = Debug|Any CPU
		{481D376F-BC41-4C5F-B534-3AA22C1036D8}.Debug|Any CPU.Build.0 = Debug|Any CPU
		{481D376F-BC41-4C5F-B534-3AA22C1036D8}.DVD-5|Any CPU.ActiveCfg = Debug|Any CPU
		{481D376F-BC41-4C5F-B534-3AA22C1036D8}.DVD-5|Any CPU.Build.0 = Debug|Any CPU
		{481D376F-BC41-4C5F-B534-3AA22C1036D8}.Release Obfuscated|Any CPU.ActiveCfg = Release|Any CPU
		{481D376F-BC41-4C5F-B534-3AA22C1036D8}.Release Obfuscated|Any CPU.Build.0 = Release|Any CPU
		{481D376F-BC41-4C5F-B534-3AA22C1036D8}.Release|Any CPU.ActiveCfg = Release|Any CPU
		{481D376F-BC41-4C5F-B534-3AA22C1036D8}.Release|Any CPU.Build.0 = Release|Any CPU
		{481D376F-BC41-4C5F-B534-3AA22C1036D8}.SingleImage|Any CPU.ActiveCfg = Release|Any CPU
		{481D376F-BC41-4C5F-B534-3AA22C1036D8}.SingleImage|Any CPU.Build.0 = Release|Any CPU
		{7E8BA99E-B387-4168-8620-E844AACCA7AF}.CD_ROM|Any CPU.ActiveCfg = Release|Any CPU
		{7E8BA99E-B387-4168-8620-E844AACCA7AF}.CD_ROM|Any CPU.Build.0 = Release|Any CPU
		{7E8BA99E-B387-4168-8620-E844AACCA7AF}.Debug|Any CPU.ActiveCfg = Debug|Any CPU
		{7E8BA99E-B387-4168-8620-E844AACCA7AF}.Debug|Any CPU.Build.0 = Debug|Any CPU
		{7E8BA99E-B387-4168-8620-E844AACCA7AF}.DVD-5|Any CPU.ActiveCfg = Debug|Any CPU
		{7E8BA99E-B387-4168-8620-E844AACCA7AF}.DVD-5|Any CPU.Build.0 = Debug|Any CPU
		{7E8BA99E-B387-4168-8620-E844AACCA7AF}.Release Obfuscated|Any CPU.ActiveCfg = Release|Any CPU
		{7E8BA99E-B387-4168-8620-E844AACCA7AF}.Release Obfuscated|Any CPU.Build.0 = Release|Any CPU
		{7E8BA99E-B387-4168-8620-E844AACCA7AF}.Release|Any CPU.ActiveCfg = Release|Any CPU
		{7E8BA99E-B387-4168-8620-E844AACCA7AF}.Release|Any CPU.Build.0 = Release|Any CPU
		{7E8BA99E-B387-4168-8620-E844AACCA7AF}.SingleImage|Any CPU.ActiveCfg = Release|Any CPU
		{7E8BA99E-B387-4168-8620-E844AACCA7AF}.SingleImage|Any CPU.Build.0 = Release|Any CPU
		{3966C325-0164-47A7-B526-D19ECDF04180}.CD_ROM|Any CPU.ActiveCfg = Release|Any CPU
		{3966C325-0164-47A7-B526-D19ECDF04180}.CD_ROM|Any CPU.Build.0 = Release|Any CPU
		{3966C325-0164-47A7-B526-D19ECDF04180}.Debug|Any CPU.ActiveCfg = Debug|Any CPU
		{3966C325-0164-47A7-B526-D19ECDF04180}.Debug|Any CPU.Build.0 = Debug|Any CPU
		{3966C325-0164-47A7-B526-D19ECDF04180}.DVD-5|Any CPU.ActiveCfg = Debug|Any CPU
		{3966C325-0164-47A7-B526-D19ECDF04180}.DVD-5|Any CPU.Build.0 = Debug|Any CPU
		{3966C325-0164-47A7-B526-D19ECDF04180}.Release Obfuscated|Any CPU.ActiveCfg = Release Obfuscated|Any CPU
		{3966C325-0164-47A7-B526-D19ECDF04180}.Release Obfuscated|Any CPU.Build.0 = Release Obfuscated|Any CPU
		{3966C325-0164-47A7-B526-D19ECDF04180}.Release|Any CPU.ActiveCfg = Release|Any CPU
		{3966C325-0164-47A7-B526-D19ECDF04180}.Release|Any CPU.Build.0 = Release|Any CPU
		{3966C325-0164-47A7-B526-D19ECDF04180}.SingleImage|Any CPU.ActiveCfg = Release|Any CPU
		{3966C325-0164-47A7-B526-D19ECDF04180}.SingleImage|Any CPU.Build.0 = Release|Any CPU
		{D6227043-522B-44F3-AD20-CAB08A80E31D}.CD_ROM|Any CPU.ActiveCfg = Release|Any CPU
		{D6227043-522B-44F3-AD20-CAB08A80E31D}.CD_ROM|Any CPU.Build.0 = Release|Any CPU
		{D6227043-522B-44F3-AD20-CAB08A80E31D}.Debug|Any CPU.ActiveCfg = Debug|Any CPU
		{D6227043-522B-44F3-AD20-CAB08A80E31D}.Debug|Any CPU.Build.0 = Debug|Any CPU
		{D6227043-522B-44F3-AD20-CAB08A80E31D}.DVD-5|Any CPU.ActiveCfg = Debug|Any CPU
		{D6227043-522B-44F3-AD20-CAB08A80E31D}.DVD-5|Any CPU.Build.0 = Debug|Any CPU
		{D6227043-522B-44F3-AD20-CAB08A80E31D}.Release Obfuscated|Any CPU.ActiveCfg = Release Obfuscated|Any CPU
		{D6227043-522B-44F3-AD20-CAB08A80E31D}.Release Obfuscated|Any CPU.Build.0 = Release Obfuscated|Any CPU
		{D6227043-522B-44F3-AD20-CAB08A80E31D}.Release|Any CPU.ActiveCfg = Release|Any CPU
		{D6227043-522B-44F3-AD20-CAB08A80E31D}.Release|Any CPU.Build.0 = Release|Any CPU
		{D6227043-522B-44F3-AD20-CAB08A80E31D}.SingleImage|Any CPU.ActiveCfg = Release|Any CPU
		{D6227043-522B-44F3-AD20-CAB08A80E31D}.SingleImage|Any CPU.Build.0 = Release|Any CPU
		{DAD3886B-C8C6-463A-A07D-ED08C85F8D08}.CD_ROM|Any CPU.ActiveCfg = Release|Any CPU
		{DAD3886B-C8C6-463A-A07D-ED08C85F8D08}.CD_ROM|Any CPU.Build.0 = Release|Any CPU
		{DAD3886B-C8C6-463A-A07D-ED08C85F8D08}.Debug|Any CPU.ActiveCfg = Debug|Any CPU
		{DAD3886B-C8C6-463A-A07D-ED08C85F8D08}.Debug|Any CPU.Build.0 = Debug|Any CPU
		{DAD3886B-C8C6-463A-A07D-ED08C85F8D08}.DVD-5|Any CPU.ActiveCfg = Debug|Any CPU
		{DAD3886B-C8C6-463A-A07D-ED08C85F8D08}.DVD-5|Any CPU.Build.0 = Debug|Any CPU
		{DAD3886B-C8C6-463A-A07D-ED08C85F8D08}.Release Obfuscated|Any CPU.ActiveCfg = Release Obfuscated|Any CPU
		{DAD3886B-C8C6-463A-A07D-ED08C85F8D08}.Release Obfuscated|Any CPU.Build.0 = Release Obfuscated|Any CPU
		{DAD3886B-C8C6-463A-A07D-ED08C85F8D08}.Release|Any CPU.ActiveCfg = Release|Any CPU
		{DAD3886B-C8C6-463A-A07D-ED08C85F8D08}.Release|Any CPU.Build.0 = Release|Any CPU
		{DAD3886B-C8C6-463A-A07D-ED08C85F8D08}.SingleImage|Any CPU.ActiveCfg = Release|Any CPU
		{DAD3886B-C8C6-463A-A07D-ED08C85F8D08}.SingleImage|Any CPU.Build.0 = Release|Any CPU
		{81D27875-F5C9-423F-BD44-509D7A8F951C}.CD_ROM|Any CPU.ActiveCfg = Release|Any CPU
		{81D27875-F5C9-423F-BD44-509D7A8F951C}.CD_ROM|Any CPU.Build.0 = Release|Any CPU
		{81D27875-F5C9-423F-BD44-509D7A8F951C}.Debug|Any CPU.ActiveCfg = Debug|Any CPU
		{81D27875-F5C9-423F-BD44-509D7A8F951C}.Debug|Any CPU.Build.0 = Debug|Any CPU
		{81D27875-F5C9-423F-BD44-509D7A8F951C}.DVD-5|Any CPU.ActiveCfg = Debug|Any CPU
		{81D27875-F5C9-423F-BD44-509D7A8F951C}.DVD-5|Any CPU.Build.0 = Debug|Any CPU
		{81D27875-F5C9-423F-BD44-509D7A8F951C}.Release Obfuscated|Any CPU.ActiveCfg = Release Obfuscated|Any CPU
		{81D27875-F5C9-423F-BD44-509D7A8F951C}.Release Obfuscated|Any CPU.Build.0 = Release Obfuscated|Any CPU
		{81D27875-F5C9-423F-BD44-509D7A8F951C}.Release|Any CPU.ActiveCfg = Release|Any CPU
		{81D27875-F5C9-423F-BD44-509D7A8F951C}.Release|Any CPU.Build.0 = Release|Any CPU
		{81D27875-F5C9-423F-BD44-509D7A8F951C}.SingleImage|Any CPU.ActiveCfg = Release|Any CPU
		{81D27875-F5C9-423F-BD44-509D7A8F951C}.SingleImage|Any CPU.Build.0 = Release|Any CPU
		{CC2AE1F7-17EE-4FA5-A9BC-B3CC38526CAB}.CD_ROM|Any CPU.ActiveCfg = Release|Any CPU
		{CC2AE1F7-17EE-4FA5-A9BC-B3CC38526CAB}.CD_ROM|Any CPU.Build.0 = Release|Any CPU
		{CC2AE1F7-17EE-4FA5-A9BC-B3CC38526CAB}.Debug|Any CPU.ActiveCfg = Debug|Any CPU
		{CC2AE1F7-17EE-4FA5-A9BC-B3CC38526CAB}.Debug|Any CPU.Build.0 = Debug|Any CPU
		{CC2AE1F7-17EE-4FA5-A9BC-B3CC38526CAB}.DVD-5|Any CPU.ActiveCfg = Debug|Any CPU
		{CC2AE1F7-17EE-4FA5-A9BC-B3CC38526CAB}.DVD-5|Any CPU.Build.0 = Debug|Any CPU
		{CC2AE1F7-17EE-4FA5-A9BC-B3CC38526CAB}.Release Obfuscated|Any CPU.ActiveCfg = Release Obfuscated|Any CPU
		{CC2AE1F7-17EE-4FA5-A9BC-B3CC38526CAB}.Release Obfuscated|Any CPU.Build.0 = Release Obfuscated|Any CPU
		{CC2AE1F7-17EE-4FA5-A9BC-B3CC38526CAB}.Release|Any CPU.ActiveCfg = Release|Any CPU
		{CC2AE1F7-17EE-4FA5-A9BC-B3CC38526CAB}.Release|Any CPU.Build.0 = Release|Any CPU
		{CC2AE1F7-17EE-4FA5-A9BC-B3CC38526CAB}.SingleImage|Any CPU.ActiveCfg = Release|Any CPU
		{CC2AE1F7-17EE-4FA5-A9BC-B3CC38526CAB}.SingleImage|Any CPU.Build.0 = Release|Any CPU
		{F5B8F368-604C-4CFD-95E6-6CB7F2BCB832}.CD_ROM|Any CPU.ActiveCfg = Release|Any CPU
		{F5B8F368-604C-4CFD-95E6-6CB7F2BCB832}.CD_ROM|Any CPU.Build.0 = Release|Any CPU
		{F5B8F368-604C-4CFD-95E6-6CB7F2BCB832}.Debug|Any CPU.ActiveCfg = Debug|Any CPU
		{F5B8F368-604C-4CFD-95E6-6CB7F2BCB832}.Debug|Any CPU.Build.0 = Debug|Any CPU
		{F5B8F368-604C-4CFD-95E6-6CB7F2BCB832}.DVD-5|Any CPU.ActiveCfg = Debug|Any CPU
		{F5B8F368-604C-4CFD-95E6-6CB7F2BCB832}.DVD-5|Any CPU.Build.0 = Debug|Any CPU
		{F5B8F368-604C-4CFD-95E6-6CB7F2BCB832}.Release Obfuscated|Any CPU.ActiveCfg = Release Obfuscated|Any CPU
		{F5B8F368-604C-4CFD-95E6-6CB7F2BCB832}.Release Obfuscated|Any CPU.Build.0 = Release Obfuscated|Any CPU
		{F5B8F368-604C-4CFD-95E6-6CB7F2BCB832}.Release|Any CPU.ActiveCfg = Release|Any CPU
		{F5B8F368-604C-4CFD-95E6-6CB7F2BCB832}.Release|Any CPU.Build.0 = Release|Any CPU
		{F5B8F368-604C-4CFD-95E6-6CB7F2BCB832}.SingleImage|Any CPU.ActiveCfg = Release|Any CPU
		{F5B8F368-604C-4CFD-95E6-6CB7F2BCB832}.SingleImage|Any CPU.Build.0 = Release|Any CPU
		{1FAFF4DB-A95F-44F8-BEE6-5D6903F37FDF}.CD_ROM|Any CPU.ActiveCfg = Release|Any CPU
		{1FAFF4DB-A95F-44F8-BEE6-5D6903F37FDF}.CD_ROM|Any CPU.Build.0 = Release|Any CPU
		{1FAFF4DB-A95F-44F8-BEE6-5D6903F37FDF}.Debug|Any CPU.ActiveCfg = Debug|Any CPU
		{1FAFF4DB-A95F-44F8-BEE6-5D6903F37FDF}.Debug|Any CPU.Build.0 = Debug|Any CPU
		{1FAFF4DB-A95F-44F8-BEE6-5D6903F37FDF}.DVD-5|Any CPU.ActiveCfg = Debug|Any CPU
		{1FAFF4DB-A95F-44F8-BEE6-5D6903F37FDF}.DVD-5|Any CPU.Build.0 = Debug|Any CPU
		{1FAFF4DB-A95F-44F8-BEE6-5D6903F37FDF}.Release Obfuscated|Any CPU.ActiveCfg = Release Obfuscated|Any CPU
		{1FAFF4DB-A95F-44F8-BEE6-5D6903F37FDF}.Release Obfuscated|Any CPU.Build.0 = Release Obfuscated|Any CPU
		{1FAFF4DB-A95F-44F8-BEE6-5D6903F37FDF}.Release|Any CPU.ActiveCfg = Release|Any CPU
		{1FAFF4DB-A95F-44F8-BEE6-5D6903F37FDF}.Release|Any CPU.Build.0 = Release|Any CPU
		{1FAFF4DB-A95F-44F8-BEE6-5D6903F37FDF}.SingleImage|Any CPU.ActiveCfg = Release|Any CPU
		{1FAFF4DB-A95F-44F8-BEE6-5D6903F37FDF}.SingleImage|Any CPU.Build.0 = Release|Any CPU
		{55C752B0-1E69-4E06-AB1B-7B5ACC566051}.CD_ROM|Any CPU.ActiveCfg = Release|Any CPU
		{55C752B0-1E69-4E06-AB1B-7B5ACC566051}.CD_ROM|Any CPU.Build.0 = Release|Any CPU
		{55C752B0-1E69-4E06-AB1B-7B5ACC566051}.Debug|Any CPU.ActiveCfg = Debug|Any CPU
		{55C752B0-1E69-4E06-AB1B-7B5ACC566051}.Debug|Any CPU.Build.0 = Debug|Any CPU
		{55C752B0-1E69-4E06-AB1B-7B5ACC566051}.DVD-5|Any CPU.ActiveCfg = Debug|Any CPU
		{55C752B0-1E69-4E06-AB1B-7B5ACC566051}.DVD-5|Any CPU.Build.0 = Debug|Any CPU
		{55C752B0-1E69-4E06-AB1B-7B5ACC566051}.Release Obfuscated|Any CPU.ActiveCfg = Release Obfuscated|Any CPU
		{55C752B0-1E69-4E06-AB1B-7B5ACC566051}.Release Obfuscated|Any CPU.Build.0 = Release Obfuscated|Any CPU
		{55C752B0-1E69-4E06-AB1B-7B5ACC566051}.Release|Any CPU.ActiveCfg = Release|Any CPU
		{55C752B0-1E69-4E06-AB1B-7B5ACC566051}.Release|Any CPU.Build.0 = Release|Any CPU
		{55C752B0-1E69-4E06-AB1B-7B5ACC566051}.SingleImage|Any CPU.ActiveCfg = Release|Any CPU
		{55C752B0-1E69-4E06-AB1B-7B5ACC566051}.SingleImage|Any CPU.Build.0 = Release|Any CPU
		{E3D700D5-BDFB-4777-8E9C-53E8F943AC58}.CD_ROM|Any CPU.ActiveCfg = Release|Any CPU
		{E3D700D5-BDFB-4777-8E9C-53E8F943AC58}.CD_ROM|Any CPU.Build.0 = Release|Any CPU
		{E3D700D5-BDFB-4777-8E9C-53E8F943AC58}.Debug|Any CPU.ActiveCfg = Debug|Any CPU
		{E3D700D5-BDFB-4777-8E9C-53E8F943AC58}.Debug|Any CPU.Build.0 = Debug|Any CPU
		{E3D700D5-BDFB-4777-8E9C-53E8F943AC58}.DVD-5|Any CPU.ActiveCfg = Debug|Any CPU
		{E3D700D5-BDFB-4777-8E9C-53E8F943AC58}.DVD-5|Any CPU.Build.0 = Debug|Any CPU
		{E3D700D5-BDFB-4777-8E9C-53E8F943AC58}.Release Obfuscated|Any CPU.ActiveCfg = Release Obfuscated|Any CPU
		{E3D700D5-BDFB-4777-8E9C-53E8F943AC58}.Release Obfuscated|Any CPU.Build.0 = Release Obfuscated|Any CPU
		{E3D700D5-BDFB-4777-8E9C-53E8F943AC58}.Release|Any CPU.ActiveCfg = Release|Any CPU
		{E3D700D5-BDFB-4777-8E9C-53E8F943AC58}.Release|Any CPU.Build.0 = Release|Any CPU
		{E3D700D5-BDFB-4777-8E9C-53E8F943AC58}.SingleImage|Any CPU.ActiveCfg = Release|Any CPU
		{E3D700D5-BDFB-4777-8E9C-53E8F943AC58}.SingleImage|Any CPU.Build.0 = Release|Any CPU
		{B7202B23-8AE0-42CC-A2DF-C738C601C4E3}.CD_ROM|Any CPU.ActiveCfg = Release|Any CPU
		{B7202B23-8AE0-42CC-A2DF-C738C601C4E3}.CD_ROM|Any CPU.Build.0 = Release|Any CPU
		{B7202B23-8AE0-42CC-A2DF-C738C601C4E3}.Debug|Any CPU.ActiveCfg = Debug|Any CPU
		{B7202B23-8AE0-42CC-A2DF-C738C601C4E3}.Debug|Any CPU.Build.0 = Debug|Any CPU
		{B7202B23-8AE0-42CC-A2DF-C738C601C4E3}.DVD-5|Any CPU.ActiveCfg = Debug|Any CPU
		{B7202B23-8AE0-42CC-A2DF-C738C601C4E3}.DVD-5|Any CPU.Build.0 = Debug|Any CPU
		{B7202B23-8AE0-42CC-A2DF-C738C601C4E3}.Release Obfuscated|Any CPU.ActiveCfg = Release Obfuscated|Any CPU
		{B7202B23-8AE0-42CC-A2DF-C738C601C4E3}.Release Obfuscated|Any CPU.Build.0 = Release Obfuscated|Any CPU
		{B7202B23-8AE0-42CC-A2DF-C738C601C4E3}.Release|Any CPU.ActiveCfg = Release|Any CPU
		{B7202B23-8AE0-42CC-A2DF-C738C601C4E3}.Release|Any CPU.Build.0 = Release|Any CPU
		{B7202B23-8AE0-42CC-A2DF-C738C601C4E3}.SingleImage|Any CPU.ActiveCfg = Release|Any CPU
		{B7202B23-8AE0-42CC-A2DF-C738C601C4E3}.SingleImage|Any CPU.Build.0 = Release|Any CPU
		{C31AFE2D-C6E4-4A5B-8947-151E2CAC4411}.CD_ROM|Any CPU.ActiveCfg = Release|Any CPU
		{C31AFE2D-C6E4-4A5B-8947-151E2CAC4411}.CD_ROM|Any CPU.Build.0 = Release|Any CPU
		{C31AFE2D-C6E4-4A5B-8947-151E2CAC4411}.Debug|Any CPU.ActiveCfg = Debug|Any CPU
		{C31AFE2D-C6E4-4A5B-8947-151E2CAC4411}.Debug|Any CPU.Build.0 = Debug|Any CPU
		{C31AFE2D-C6E4-4A5B-8947-151E2CAC4411}.DVD-5|Any CPU.ActiveCfg = Debug|Any CPU
		{C31AFE2D-C6E4-4A5B-8947-151E2CAC4411}.DVD-5|Any CPU.Build.0 = Debug|Any CPU
		{C31AFE2D-C6E4-4A5B-8947-151E2CAC4411}.Release Obfuscated|Any CPU.ActiveCfg = Release Obfuscated|Any CPU
		{C31AFE2D-C6E4-4A5B-8947-151E2CAC4411}.Release Obfuscated|Any CPU.Build.0 = Release Obfuscated|Any CPU
		{C31AFE2D-C6E4-4A5B-8947-151E2CAC4411}.Release|Any CPU.ActiveCfg = Release|Any CPU
		{C31AFE2D-C6E4-4A5B-8947-151E2CAC4411}.Release|Any CPU.Build.0 = Release|Any CPU
		{C31AFE2D-C6E4-4A5B-8947-151E2CAC4411}.SingleImage|Any CPU.ActiveCfg = Release|Any CPU
		{C31AFE2D-C6E4-4A5B-8947-151E2CAC4411}.SingleImage|Any CPU.Build.0 = Release|Any CPU
		{E9CC17D0-862A-40A2-9C1C-0C8380E3C636}.CD_ROM|Any CPU.ActiveCfg = Release|Any CPU
		{E9CC17D0-862A-40A2-9C1C-0C8380E3C636}.CD_ROM|Any CPU.Build.0 = Release|Any CPU
		{E9CC17D0-862A-40A2-9C1C-0C8380E3C636}.Debug|Any CPU.ActiveCfg = Debug|Any CPU
		{E9CC17D0-862A-40A2-9C1C-0C8380E3C636}.Debug|Any CPU.Build.0 = Debug|Any CPU
		{E9CC17D0-862A-40A2-9C1C-0C8380E3C636}.DVD-5|Any CPU.ActiveCfg = Debug|Any CPU
		{E9CC17D0-862A-40A2-9C1C-0C8380E3C636}.DVD-5|Any CPU.Build.0 = Debug|Any CPU
		{E9CC17D0-862A-40A2-9C1C-0C8380E3C636}.Release Obfuscated|Any CPU.ActiveCfg = Release Obfuscated|Any CPU
		{E9CC17D0-862A-40A2-9C1C-0C8380E3C636}.Release Obfuscated|Any CPU.Build.0 = Release Obfuscated|Any CPU
		{E9CC17D0-862A-40A2-9C1C-0C8380E3C636}.Release|Any CPU.ActiveCfg = Release|Any CPU
		{E9CC17D0-862A-40A2-9C1C-0C8380E3C636}.Release|Any CPU.Build.0 = Release|Any CPU
		{E9CC17D0-862A-40A2-9C1C-0C8380E3C636}.SingleImage|Any CPU.ActiveCfg = Release|Any CPU
		{E9CC17D0-862A-40A2-9C1C-0C8380E3C636}.SingleImage|Any CPU.Build.0 = Release|Any CPU
		{52E61691-8486-448A-BA30-98396F545553}.CD_ROM|Any CPU.ActiveCfg = Release|Any CPU
		{52E61691-8486-448A-BA30-98396F545553}.CD_ROM|Any CPU.Build.0 = Release|Any CPU
		{52E61691-8486-448A-BA30-98396F545553}.Debug|Any CPU.ActiveCfg = Debug|Any CPU
		{52E61691-8486-448A-BA30-98396F545553}.Debug|Any CPU.Build.0 = Debug|Any CPU
		{52E61691-8486-448A-BA30-98396F545553}.DVD-5|Any CPU.ActiveCfg = Debug|Any CPU
		{52E61691-8486-448A-BA30-98396F545553}.DVD-5|Any CPU.Build.0 = Debug|Any CPU
		{52E61691-8486-448A-BA30-98396F545553}.Release Obfuscated|Any CPU.ActiveCfg = Release Obfuscated|Any CPU
		{52E61691-8486-448A-BA30-98396F545553}.Release Obfuscated|Any CPU.Build.0 = Release Obfuscated|Any CPU
		{52E61691-8486-448A-BA30-98396F545553}.Release|Any CPU.ActiveCfg = Release|Any CPU
		{52E61691-8486-448A-BA30-98396F545553}.Release|Any CPU.Build.0 = Release|Any CPU
		{52E61691-8486-448A-BA30-98396F545553}.SingleImage|Any CPU.ActiveCfg = Release|Any CPU
		{52E61691-8486-448A-BA30-98396F545553}.SingleImage|Any CPU.Build.0 = Release|Any CPU
		{7F264FBC-EF81-4896-BFC5-93573A39C338}.CD_ROM|Any CPU.ActiveCfg = Release|Any CPU
		{7F264FBC-EF81-4896-BFC5-93573A39C338}.CD_ROM|Any CPU.Build.0 = Release|Any CPU
		{7F264FBC-EF81-4896-BFC5-93573A39C338}.Debug|Any CPU.ActiveCfg = Debug|Any CPU
		{7F264FBC-EF81-4896-BFC5-93573A39C338}.Debug|Any CPU.Build.0 = Debug|Any CPU
		{7F264FBC-EF81-4896-BFC5-93573A39C338}.DVD-5|Any CPU.ActiveCfg = Debug|Any CPU
		{7F264FBC-EF81-4896-BFC5-93573A39C338}.DVD-5|Any CPU.Build.0 = Debug|Any CPU
		{7F264FBC-EF81-4896-BFC5-93573A39C338}.Release Obfuscated|Any CPU.ActiveCfg = Release|Any CPU
		{7F264FBC-EF81-4896-BFC5-93573A39C338}.Release Obfuscated|Any CPU.Build.0 = Release|Any CPU
		{7F264FBC-EF81-4896-BFC5-93573A39C338}.Release|Any CPU.ActiveCfg = Release|Any CPU
		{7F264FBC-EF81-4896-BFC5-93573A39C338}.Release|Any CPU.Build.0 = Release|Any CPU
		{7F264FBC-EF81-4896-BFC5-93573A39C338}.SingleImage|Any CPU.ActiveCfg = Release|Any CPU
		{7F264FBC-EF81-4896-BFC5-93573A39C338}.SingleImage|Any CPU.Build.0 = Release|Any CPU
		{AF9B19FA-69C9-4980-A922-143F88A55850}.CD_ROM|Any CPU.ActiveCfg = CD_ROM
		{AF9B19FA-69C9-4980-A922-143F88A55850}.CD_ROM|Any CPU.Build.0 = CD_ROM
		{AF9B19FA-69C9-4980-A922-143F88A55850}.Debug|Any CPU.ActiveCfg = DVD-5
		{AF9B19FA-69C9-4980-A922-143F88A55850}.Debug|Any CPU.Build.0 = DVD-5
		{AF9B19FA-69C9-4980-A922-143F88A55850}.DVD-5|Any CPU.ActiveCfg = DVD-5
		{AF9B19FA-69C9-4980-A922-143F88A55850}.DVD-5|Any CPU.Build.0 = DVD-5
		{AF9B19FA-69C9-4980-A922-143F88A55850}.Release Obfuscated|Any CPU.ActiveCfg = SingleImage
		{AF9B19FA-69C9-4980-A922-143F88A55850}.Release Obfuscated|Any CPU.Build.0 = SingleImage
		{AF9B19FA-69C9-4980-A922-143F88A55850}.Release|Any CPU.ActiveCfg = SingleImage
		{AF9B19FA-69C9-4980-A922-143F88A55850}.Release|Any CPU.Build.0 = SingleImage
		{AF9B19FA-69C9-4980-A922-143F88A55850}.SingleImage|Any CPU.ActiveCfg = SingleImage
		{AF9B19FA-69C9-4980-A922-143F88A55850}.SingleImage|Any CPU.Build.0 = SingleImage
	EndGlobalSection
	GlobalSection(SolutionProperties) = preSolution
		HideSolutionNode = FALSE
	EndGlobalSection
	GlobalSection(NestedProjects) = preSolution
		{3966C325-0164-47A7-B526-D19ECDF04180} = {4E6448BF-9FD5-4619-A051-BF940BAFDCF9}
		{D6227043-522B-44F3-AD20-CAB08A80E31D} = {4E6448BF-9FD5-4619-A051-BF940BAFDCF9}
		{DAD3886B-C8C6-463A-A07D-ED08C85F8D08} = {4E6448BF-9FD5-4619-A051-BF940BAFDCF9}
		{81D27875-F5C9-423F-BD44-509D7A8F951C} = {4E6448BF-9FD5-4619-A051-BF940BAFDCF9}
		{CC2AE1F7-17EE-4FA5-A9BC-B3CC38526CAB} = {4E6448BF-9FD5-4619-A051-BF940BAFDCF9}
		{F5B8F368-604C-4CFD-95E6-6CB7F2BCB832} = {4E6448BF-9FD5-4619-A051-BF940BAFDCF9}
		{1FAFF4DB-A95F-44F8-BEE6-5D6903F37FDF} = {3C2C2350-D1BA-493A-A367-77A0802F54AD}
		{55C752B0-1E69-4E06-AB1B-7B5ACC566051} = {3C2C2350-D1BA-493A-A367-77A0802F54AD}
		{E3D700D5-BDFB-4777-8E9C-53E8F943AC58} = {4E6448BF-9FD5-4619-A051-BF940BAFDCF9}
		{B7202B23-8AE0-42CC-A2DF-C738C601C4E3} = {E8E0BF88-0D23-40B3-AA93-0DFA06D7BD2C}
		{C31AFE2D-C6E4-4A5B-8947-151E2CAC4411} = {E8E0BF88-0D23-40B3-AA93-0DFA06D7BD2C}
		{E9CC17D0-862A-40A2-9C1C-0C8380E3C636} = {E8E0BF88-0D23-40B3-AA93-0DFA06D7BD2C}
		{52E61691-8486-448A-BA30-98396F545553} = {E8E0BF88-0D23-40B3-AA93-0DFA06D7BD2C}
	EndGlobalSection
	GlobalSection(TeamFoundationVersionControl) = preSolution
		SccNumberOfProjects = 20
		SccEnterpriseProvider = {4CA58AB2-18FA-4F8D-95D4-32DDF27D184C}
		SccTeamFoundationServer = http://192.168.1.26:8080/tfs/defaultcollection
		SccLocalPath0 = .
		SccProjectUniqueName1 = AppHelper\\AppHelper.csproj
		SccProjectTopLevelParentUniqueName1 = CaptureOfficeAddOn.sln
		SccProjectName1 = AppHelper
		SccLocalPath1 = AppHelper
		SccProjectUniqueName2 = CaptureViewer\\CaptureViewer.csproj
		SccProjectTopLevelParentUniqueName2 = CaptureOfficeAddOn.sln
		SccProjectName2 = CaptureViewer
		SccLocalPath2 = CaptureViewer
		SccProjectUniqueName3 = CustomControl\\CustomControl.csproj
		SccProjectTopLevelParentUniqueName3 = CaptureOfficeAddOn.sln
		SccProjectName3 = CustomControl
		SccLocalPath3 = CustomControl
		SccProjectUniqueName4 = Mvvm\\Mvvm.csproj
		SccProjectTopLevelParentUniqueName4 = CaptureOfficeAddOn.sln
		SccProjectName4 = Mvvm
		SccLocalPath4 = Mvvm
		SccProjectUniqueName5 = Service.Contract\\Service.Contract.csproj
		SccProjectTopLevelParentUniqueName5 = CaptureOfficeAddOn.sln
		SccProjectName5 = Service.Contract
		SccLocalPath5 = Service.Contract
		SccProjectUniqueName6 = Utility\\Utility.csproj
		SccProjectTopLevelParentUniqueName6 = CaptureOfficeAddOn.sln
		SccProjectName6 = Utility
		SccLocalPath6 = Utility
		SccProjectUniqueName7 = CaptureDomain\\CaptureDomain.csproj
		SccProjectTopLevelParentUniqueName7 = CaptureOfficeAddOn.sln
		SccProjectName7 = CaptureDomain
		SccLocalPath7 = CaptureDomain
		SccProjectUniqueName8 = CaptureModel\\CaptureModel.csproj
		SccProjectTopLevelParentUniqueName8 = CaptureOfficeAddOn.sln
		SccProjectName8 = CaptureModel
		SccLocalPath8 = CaptureModel
		SccProjectUniqueName9 = CaptureCustomAddIn\\CaptureCustomAddIn.csproj
		SccProjectName9 = CaptureCustomAddIn
		SccLocalPath9 = CaptureCustomAddIn
		SccProjectUniqueName10 = ExcelCapture\\ExcelCapture.csproj
		SccProjectName10 = ExcelCapture
		SccLocalPath10 = ExcelCapture
		SccProjectUniqueName11 = OutlookCapture\\OutlookCapture.csproj
		SccProjectName11 = OutlookCapture
		SccLocalPath11 = OutlookCapture
		SccProjectUniqueName12 = PowerPointCapture\\PowerPointCapture.csproj
		SccProjectName12 = PowerPointCapture
		SccLocalPath12 = PowerPointCapture
		SccProjectUniqueName13 = Localization\\Localization.csproj
		SccProjectTopLevelParentUniqueName13 = CaptureOfficeAddOn.sln
		SccProjectName13 = Localization
		SccLocalPath13 = Localization
		SccProjectUniqueName14 = Service.Web\\Service.Web.csproj
		SccProjectTopLevelParentUniqueName14 = CaptureOfficeAddOn.sln
		SccProjectName14 = Service.Web
		SccLocalPath14 = Service.Web
		SccProjectUniqueName15 = CaptureService\\CaptureService.csproj
		SccProjectTopLevelParentUniqueName15 = CaptureOfficeAddOn.sln
		SccProjectName15 = CaptureService
		SccLocalPath15 = CaptureService
		SccProjectUniqueName16 = CaptureCore\\CaptureCore.csproj
		SccProjectTopLevelParentUniqueName16 = CaptureOfficeAddOn.sln
		SccProjectName16 = CaptureCore
		SccLocalPath16 = CaptureCore
		SccProjectUniqueName17 = CaptureDAO\\CaptureDAO.csproj
		SccProjectTopLevelParentUniqueName17 = CaptureOfficeAddOn.sln
		SccProjectName17 = CaptureDAO
		SccLocalPath17 = CaptureDAO
		SccProjectUniqueName18 = WordCapture\\WordCapture.csproj
		SccProjectName18 = WordCapture
		SccLocalPath18 = WordCapture
		SccProjectUniqueName19 = CaptureOfficeAddOnSetup\\CaptureOfficeAddOnSetup.isproj
		SccProjectName19 = CaptureOfficeAddOnSetup
		SccLocalPath19 = CaptureOfficeAddOnSetup
	EndGlobalSection
EndGlobal
