
Microsoft Visual Studio Solution File, Format Version 12.00
# Visual Studio 2012
Project("{2150E333-8FDC-42A3-9474-1A3956D46DE8}") = "AddOn", "AddOn", "{9AC70A6E-406F-4336-80D6-0BDEF559D513}"
EndProject
Project("{2150E333-8FDC-42A3-9474-1A3956D46DE8}") = "Common", "Common", "{DEC79EE6-E98D-4554-9CC1-07778853CDB2}"
EndProject
Project("{2150E333-8FDC-42A3-9474-1A3956D46DE8}") = "Data", "Data", "{B886E9D0-C3C8-42A5-8E15-A8254742176A}"
EndProject
Project("{FAE04EC0-301F-11D3-BF4B-00C04F79EFBC}") = "DocViewer", "DocViewer\DocViewer.csproj", "{64DD82F2-6C87-4211-A1C3-103E35AC7DD8}"
EndProject
Project("{FAE04EC0-301F-11D3-BF4B-00C04F79EFBC}") = "OutlookImport", "OutlookClient\OutlookImport.csproj", "{4E18AB85-CC68-49D2-B71E-06B98D85060F}"
EndProject
Project("{FAE04EC0-301F-11D3-BF4B-00C04F79EFBC}") = "PowerPointImport", "PowerPointImport\PowerPointImport.csproj", "{400CBB9B-9EEA-4D7F-8390-3A8B77D4E45B}"
EndProject
Project("{FAE04EC0-301F-11D3-BF4B-00C04F79EFBC}") = "WordImport", "WordImport\WordImport.csproj", "{F13AD7D0-6215-4958-98FC-712BAFA86148}"
EndProject
Project("{FAE04EC0-301F-11D3-BF4B-00C04F79EFBC}") = "ExcelImport", "ExcelImport\ExcelImport.csproj", "{2706FE95-FB43-4470-A0F5-A1227C97C673}"
EndProject
Project("{FAE04EC0-301F-11D3-BF4B-00C04F79EFBC}") = "Utility", "Utility\Utility.csproj", "{F5B8F368-604C-4CFD-95E6-6CB7F2BCB832}"
EndProject
Project("{FAE04EC0-301F-11D3-BF4B-00C04F79EFBC}") = "CustomControl", "CustomControl\CustomControl.csproj", "{DAD3886B-C8C6-463A-A07D-ED08C85F8D08}"
EndProject
Project("{FAE04EC0-301F-11D3-BF4B-00C04F79EFBC}") = "Model", "Model\Model.csproj", "{856D7D25-0BE2-455D-AE92-052C3CE82EA3}"
EndProject
Project("{FAE04EC0-301F-11D3-BF4B-00C04F79EFBC}") = "Service.Contract", "Service.Contract\Service.Contract.csproj", "{CC2AE1F7-17EE-4FA5-A9BC-B3CC38526CAB}"
EndProject
Project("{FAE04EC0-301F-11D3-BF4B-00C04F79EFBC}") = "Domain", "Domain\Domain.csproj", "{855C2210-6121-4C67-8162-F1D14B34C035}"
EndProject
Project("{FAE04EC0-301F-11D3-BF4B-00C04F79EFBC}") = "Localization", "Localization\Localization.csproj", "{E3D700D5-BDFB-4777-8E9C-53E8F943AC58}"
EndProject
Project("{FAE04EC0-301F-11D3-BF4B-00C04F79EFBC}") = "AppHelper", "AppHelper\AppHelper.csproj", "{3966C325-0164-47A7-B526-D19ECDF04180}"
EndProject
Project("{FAE04EC0-301F-11D3-BF4B-00C04F79EFBC}") = "Mvvm", "Mvvm\Mvvm.csproj", "{81D27875-F5C9-423F-BD44-509D7A8F951C}"
EndProject
Project("{FAE04EC0-301F-11D3-BF4B-00C04F79EFBC}") = "CustomAddin", "CustomAddin\CustomAddin.csproj", "{5D43B97A-7A41-414B-9282-26222E45BD63}"
EndProject
Project("{FAE04EC0-301F-11D3-BF4B-00C04F79EFBC}") = "BarcodeDomain", "BarcodeDomain\BarcodeDomain.csproj", "{D09AB159-030C-4055-9D76-73865883F6DA}"
EndProject
Project("{FAE04EC0-301F-11D3-BF4B-00C04F79EFBC}") = "CaptureDomain", "CaptureDomain\CaptureDomain.csproj", "{1FAFF4DB-A95F-44F8-BEE6-5D6903F37FDF}"
EndProject
Project("{FAE04EC0-301F-11D3-BF4B-00C04F79EFBC}") = "LookupDomain", "LookupDomain\LookupDomain.csproj", "{225183EE-484D-466F-B539-770D45C36992}"
EndProject
Global
	GlobalSection(TeamFoundationVersionControl) = preSolution
		SccNumberOfProjects = 18
		SccEnterpriseProvider = {4CA58AB2-18FA-4F8D-95D4-32DDF27D184C}
		SccTeamFoundationServer = http://192.168.1.26:8080/tfs/defaultcollection
		SccLocalPath0 = .
		SccProjectUniqueName1 = AppHelper\\AppHelper.csproj
		SccProjectTopLevelParentUniqueName1 = OfficeAddOn.sln
		SccProjectName1 = AppHelper
		SccLocalPath1 = AppHelper
		SccProjectUniqueName2 = CustomControl\\CustomControl.csproj
		SccProjectTopLevelParentUniqueName2 = OfficeAddOn.sln
		SccProjectName2 = CustomControl
		SccLocalPath2 = CustomControl
		SccProjectUniqueName3 = Domain\\Domain.csproj
		SccProjectTopLevelParentUniqueName3 = OfficeAddOn.sln
		SccProjectName3 = Domain
		SccLocalPath3 = Domain
		SccProjectUniqueName4 = Localization\\Localization.csproj
		SccProjectTopLevelParentUniqueName4 = OfficeAddOn.sln
		SccProjectName4 = Localization
		SccLocalPath4 = Localization
		SccProjectUniqueName5 = Mvvm\\Mvvm.csproj
		SccProjectTopLevelParentUniqueName5 = OfficeAddOn.sln
		SccProjectName5 = Mvvm
		SccLocalPath5 = Mvvm
		SccProjectUniqueName6 = Service.Contract\\Service.Contract.csproj
		SccProjectTopLevelParentUniqueName6 = OfficeAddOn.sln
		SccProjectName6 = Service.Contract
		SccLocalPath6 = Service.Contract
		SccProjectUniqueName7 = Utility\\Utility.csproj
		SccProjectTopLevelParentUniqueName7 = OfficeAddOn.sln
		SccProjectName7 = Utility
		SccLocalPath7 = Utility
		SccProjectUniqueName8 = Model\\Model.csproj
		SccProjectTopLevelParentUniqueName8 = OfficeAddOn.sln
		SccProjectName8 = Model
		SccLocalPath8 = Model
		SccProjectUniqueName9 = DocViewer\\DocViewer.csproj
		SccProjectTopLevelParentUniqueName9 = OfficeAddOn.sln
		SccProjectName9 = DocViewer
		SccLocalPath9 = DocViewer
		SccProjectUniqueName10 = CustomAddin\\CustomAddin.csproj
		SccProjectTopLevelParentUniqueName10 = OfficeAddOn.sln
		SccProjectName10 = CustomAddin
		SccLocalPath10 = CustomAddin
		SccProjectUniqueName11 = ExcelImport\\ExcelImport.csproj
		SccProjectTopLevelParentUniqueName11 = OfficeAddOn.sln
		SccProjectName11 = ExcelImport
		SccLocalPath11 = ExcelImport
		SccProjectUniqueName12 = OutlookClient\\OutlookImport.csproj
		SccProjectTopLevelParentUniqueName12 = OfficeAddOn.sln
		SccProjectName12 = OutlookClient
		SccLocalPath12 = OutlookClient
		SccProjectUniqueName13 = PowerPointImport\\PowerPointImport.csproj
		SccProjectTopLevelParentUniqueName13 = OfficeAddOn.sln
		SccProjectName13 = PowerPointImport
		SccLocalPath13 = PowerPointImport
		SccProjectUniqueName14 = WordImport\\WordImport.csproj
		SccProjectTopLevelParentUniqueName14 = OfficeAddOn.sln
		SccProjectName14 = WordImport
		SccLocalPath14 = WordImport
		SccProjectUniqueName15 = BarcodeDomain\\BarcodeDomain.csproj
		SccProjectTopLevelParentUniqueName15 = OfficeAddOn.sln
		SccProjectName15 = BarcodeDomain
		SccLocalPath15 = BarcodeDomain
		SccProjectUniqueName16 = CaptureDomain\\CaptureDomain.csproj
		SccProjectTopLevelParentUniqueName16 = OfficeAddOn.sln
		SccProjectName16 = CaptureDomain
		SccLocalPath16 = CaptureDomain
		SccProjectUniqueName17 = LookupDomain\\LookupDomain.csproj
		SccProjectTopLevelParentUniqueName17 = OfficeAddOn.sln
		SccProjectName17 = LookupDomain
		SccLocalPath17 = LookupDomain
	EndGlobalSection
	GlobalSection(SolutionConfigurationPlatforms) = preSolution
		Debug|Any CPU = Debug|Any CPU
		Debug|Mixed Platforms = Debug|Mixed Platforms
		Debug|x86 = Debug|x86
		Release Obfuscated|Any CPU = Release Obfuscated|Any CPU
		Release Obfuscated|Mixed Platforms = Release Obfuscated|Mixed Platforms
		Release Obfuscated|x86 = Release Obfuscated|x86
		Release|Any CPU = Release|Any CPU
		Release|Mixed Platforms = Release|Mixed Platforms
		Release|x86 = Release|x86
	EndGlobalSection
	GlobalSection(ProjectConfigurationPlatforms) = postSolution
		{64DD82F2-6C87-4211-A1C3-103E35AC7DD8}.Debug|Any CPU.ActiveCfg = Debug|Any CPU
		{64DD82F2-6C87-4211-A1C3-103E35AC7DD8}.Debug|Any CPU.Build.0 = Debug|Any CPU
		{64DD82F2-6C87-4211-A1C3-103E35AC7DD8}.Debug|Mixed Platforms.ActiveCfg = Debug|Any CPU
		{64DD82F2-6C87-4211-A1C3-103E35AC7DD8}.Debug|Mixed Platforms.Build.0 = Debug|Any CPU
		{64DD82F2-6C87-4211-A1C3-103E35AC7DD8}.Debug|x86.ActiveCfg = Debug|Any CPU
		{64DD82F2-6C87-4211-A1C3-103E35AC7DD8}.Release Obfuscated|Any CPU.ActiveCfg = Release Obfuscated|Any CPU
		{64DD82F2-6C87-4211-A1C3-103E35AC7DD8}.Release Obfuscated|Any CPU.Build.0 = Release Obfuscated|Any CPU
		{64DD82F2-6C87-4211-A1C3-103E35AC7DD8}.Release Obfuscated|Mixed Platforms.ActiveCfg = Release Obfuscated|Any CPU
		{64DD82F2-6C87-4211-A1C3-103E35AC7DD8}.Release Obfuscated|Mixed Platforms.Build.0 = Release Obfuscated|Any CPU
		{64DD82F2-6C87-4211-A1C3-103E35AC7DD8}.Release Obfuscated|x86.ActiveCfg = Release Obfuscated|Any CPU
		{64DD82F2-6C87-4211-A1C3-103E35AC7DD8}.Release|Any CPU.ActiveCfg = Release|Any CPU
		{64DD82F2-6C87-4211-A1C3-103E35AC7DD8}.Release|Any CPU.Build.0 = Release|Any CPU
		{64DD82F2-6C87-4211-A1C3-103E35AC7DD8}.Release|Mixed Platforms.ActiveCfg = Release|Any CPU
		{64DD82F2-6C87-4211-A1C3-103E35AC7DD8}.Release|Mixed Platforms.Build.0 = Release|Any CPU
		{64DD82F2-6C87-4211-A1C3-103E35AC7DD8}.Release|x86.ActiveCfg = Release|Any CPU
		{4E18AB85-CC68-49D2-B71E-06B98D85060F}.Debug|Any CPU.ActiveCfg = Debug|Any CPU
		{4E18AB85-CC68-49D2-B71E-06B98D85060F}.Debug|Any CPU.Build.0 = Debug|Any CPU
		{4E18AB85-CC68-49D2-B71E-06B98D85060F}.Debug|Mixed Platforms.ActiveCfg = Debug|Any CPU
		{4E18AB85-CC68-49D2-B71E-06B98D85060F}.Debug|Mixed Platforms.Build.0 = Debug|Any CPU
		{4E18AB85-CC68-49D2-B71E-06B98D85060F}.Debug|x86.ActiveCfg = Debug|Any CPU
		{4E18AB85-CC68-49D2-B71E-06B98D85060F}.Release Obfuscated|Any CPU.ActiveCfg = Release Obfuscated|Any CPU
		{4E18AB85-CC68-49D2-B71E-06B98D85060F}.Release Obfuscated|Any CPU.Build.0 = Release Obfuscated|Any CPU
		{4E18AB85-CC68-49D2-B71E-06B98D85060F}.Release Obfuscated|Mixed Platforms.ActiveCfg = Release Obfuscated|Any CPU
		{4E18AB85-CC68-49D2-B71E-06B98D85060F}.Release Obfuscated|Mixed Platforms.Build.0 = Release Obfuscated|Any CPU
		{4E18AB85-CC68-49D2-B71E-06B98D85060F}.Release Obfuscated|x86.ActiveCfg = Release Obfuscated|Any CPU
		{4E18AB85-CC68-49D2-B71E-06B98D85060F}.Release|Any CPU.ActiveCfg = Release|Any CPU
		{4E18AB85-CC68-49D2-B71E-06B98D85060F}.Release|Any CPU.Build.0 = Release|Any CPU
		{4E18AB85-CC68-49D2-B71E-06B98D85060F}.Release|Mixed Platforms.ActiveCfg = Release|Any CPU
		{4E18AB85-CC68-49D2-B71E-06B98D85060F}.Release|Mixed Platforms.Build.0 = Release|Any CPU
		{4E18AB85-CC68-49D2-B71E-06B98D85060F}.Release|x86.ActiveCfg = Release|Any CPU
		{400CBB9B-9EEA-4D7F-8390-3A8B77D4E45B}.Debug|Any CPU.ActiveCfg = Debug|Any CPU
		{400CBB9B-9EEA-4D7F-8390-3A8B77D4E45B}.Debug|Any CPU.Build.0 = Debug|Any CPU
		{400CBB9B-9EEA-4D7F-8390-3A8B77D4E45B}.Debug|Mixed Platforms.ActiveCfg = Debug|Any CPU
		{400CBB9B-9EEA-4D7F-8390-3A8B77D4E45B}.Debug|Mixed Platforms.Build.0 = Debug|Any CPU
		{400CBB9B-9EEA-4D7F-8390-3A8B77D4E45B}.Debug|x86.ActiveCfg = Debug|Any CPU
		{400CBB9B-9EEA-4D7F-8390-3A8B77D4E45B}.Release Obfuscated|Any CPU.ActiveCfg = Release Obfuscated|Any CPU
		{400CBB9B-9EEA-4D7F-8390-3A8B77D4E45B}.Release Obfuscated|Any CPU.Build.0 = Release Obfuscated|Any CPU
		{400CBB9B-9EEA-4D7F-8390-3A8B77D4E45B}.Release Obfuscated|Mixed Platforms.ActiveCfg = Release Obfuscated|Any CPU
		{400CBB9B-9EEA-4D7F-8390-3A8B77D4E45B}.Release Obfuscated|Mixed Platforms.Build.0 = Release Obfuscated|Any CPU
		{400CBB9B-9EEA-4D7F-8390-3A8B77D4E45B}.Release Obfuscated|x86.ActiveCfg = Release Obfuscated|Any CPU
		{400CBB9B-9EEA-4D7F-8390-3A8B77D4E45B}.Release|Any CPU.ActiveCfg = Release|Any CPU
		{400CBB9B-9EEA-4D7F-8390-3A8B77D4E45B}.Release|Any CPU.Build.0 = Release|Any CPU
		{400CBB9B-9EEA-4D7F-8390-3A8B77D4E45B}.Release|Mixed Platforms.ActiveCfg = Release|Any CPU
		{400CBB9B-9EEA-4D7F-8390-3A8B77D4E45B}.Release|Mixed Platforms.Build.0 = Release|Any CPU
		{400CBB9B-9EEA-4D7F-8390-3A8B77D4E45B}.Release|x86.ActiveCfg = Release|Any CPU
		{F13AD7D0-6215-4958-98FC-712BAFA86148}.Debug|Any CPU.ActiveCfg = Debug|Any CPU
		{F13AD7D0-6215-4958-98FC-712BAFA86148}.Debug|Any CPU.Build.0 = Debug|Any CPU
		{F13AD7D0-6215-4958-98FC-712BAFA86148}.Debug|Mixed Platforms.ActiveCfg = Debug|Any CPU
		{F13AD7D0-6215-4958-98FC-712BAFA86148}.Debug|Mixed Platforms.Build.0 = Debug|Any CPU
		{F13AD7D0-6215-4958-98FC-712BAFA86148}.Debug|x86.ActiveCfg = Debug|Any CPU
		{F13AD7D0-6215-4958-98FC-712BAFA86148}.Release Obfuscated|Any CPU.ActiveCfg = Release Obfuscated|Any CPU
		{F13AD7D0-6215-4958-98FC-712BAFA86148}.Release Obfuscated|Any CPU.Build.0 = Release Obfuscated|Any CPU
		{F13AD7D0-6215-4958-98FC-712BAFA86148}.Release Obfuscated|Mixed Platforms.ActiveCfg = Release Obfuscated|Any CPU
		{F13AD7D0-6215-4958-98FC-712BAFA86148}.Release Obfuscated|Mixed Platforms.Build.0 = Release Obfuscated|Any CPU
		{F13AD7D0-6215-4958-98FC-712BAFA86148}.Release Obfuscated|x86.ActiveCfg = Release Obfuscated|Any CPU
		{F13AD7D0-6215-4958-98FC-712BAFA86148}.Release|Any CPU.ActiveCfg = Release|Any CPU
		{F13AD7D0-6215-4958-98FC-712BAFA86148}.Release|Any CPU.Build.0 = Release|Any CPU
		{F13AD7D0-6215-4958-98FC-712BAFA86148}.Release|Mixed Platforms.ActiveCfg = Release|Any CPU
		{F13AD7D0-6215-4958-98FC-712BAFA86148}.Release|Mixed Platforms.Build.0 = Release|Any CPU
		{F13AD7D0-6215-4958-98FC-712BAFA86148}.Release|x86.ActiveCfg = Release|Any CPU
		{2706FE95-FB43-4470-A0F5-A1227C97C673}.Debug|Any CPU.ActiveCfg = Debug|Any CPU
		{2706FE95-FB43-4470-A0F5-A1227C97C673}.Debug|Any CPU.Build.0 = Debug|Any CPU
		{2706FE95-FB43-4470-A0F5-A1227C97C673}.Debug|Mixed Platforms.ActiveCfg = Debug|Any CPU
		{2706FE95-FB43-4470-A0F5-A1227C97C673}.Debug|Mixed Platforms.Build.0 = Debug|Any CPU
		{2706FE95-FB43-4470-A0F5-A1227C97C673}.Debug|x86.ActiveCfg = Debug|Any CPU
		{2706FE95-FB43-4470-A0F5-A1227C97C673}.Release Obfuscated|Any CPU.ActiveCfg = Release Obfuscated|Any CPU
		{2706FE95-FB43-4470-A0F5-A1227C97C673}.Release Obfuscated|Any CPU.Build.0 = Release Obfuscated|Any CPU
		{2706FE95-FB43-4470-A0F5-A1227C97C673}.Release Obfuscated|Mixed Platforms.ActiveCfg = Release Obfuscated|Any CPU
		{2706FE95-FB43-4470-A0F5-A1227C97C673}.Release Obfuscated|Mixed Platforms.Build.0 = Release Obfuscated|Any CPU
		{2706FE95-FB43-4470-A0F5-A1227C97C673}.Release Obfuscated|x86.ActiveCfg = Release Obfuscated|Any CPU
		{2706FE95-FB43-4470-A0F5-A1227C97C673}.Release|Any CPU.ActiveCfg = Release|Any CPU
		{2706FE95-FB43-4470-A0F5-A1227C97C673}.Release|Any CPU.Build.0 = Release|Any CPU
		{2706FE95-FB43-4470-A0F5-A1227C97C673}.Release|Mixed Platforms.ActiveCfg = Release|Any CPU
		{2706FE95-FB43-4470-A0F5-A1227C97C673}.Release|Mixed Platforms.Build.0 = Release|Any CPU
		{2706FE95-FB43-4470-A0F5-A1227C97C673}.Release|x86.ActiveCfg = Release|Any CPU
		{F5B8F368-604C-4CFD-95E6-6CB7F2BCB832}.Debug|Any CPU.ActiveCfg = Debug|Any CPU
		{F5B8F368-604C-4CFD-95E6-6CB7F2BCB832}.Debug|Any CPU.Build.0 = Debug|Any CPU
		{F5B8F368-604C-4CFD-95E6-6CB7F2BCB832}.Debug|Mixed Platforms.ActiveCfg = Debug|Any CPU
		{F5B8F368-604C-4CFD-95E6-6CB7F2BCB832}.Debug|Mixed Platforms.Build.0 = Debug|Any CPU
		{F5B8F368-604C-4CFD-95E6-6CB7F2BCB832}.Debug|x86.ActiveCfg = Debug|Any CPU
		{F5B8F368-604C-4CFD-95E6-6CB7F2BCB832}.Release Obfuscated|Any CPU.ActiveCfg = Release Obfuscated|Any CPU
		{F5B8F368-604C-4CFD-95E6-6CB7F2BCB832}.Release Obfuscated|Any CPU.Build.0 = Release Obfuscated|Any CPU
		{F5B8F368-604C-4CFD-95E6-6CB7F2BCB832}.Release Obfuscated|Mixed Platforms.ActiveCfg = Release Obfuscated|Any CPU
		{F5B8F368-604C-4CFD-95E6-6CB7F2BCB832}.Release Obfuscated|Mixed Platforms.Build.0 = Release Obfuscated|Any CPU
		{F5B8F368-604C-4CFD-95E6-6CB7F2BCB832}.Release Obfuscated|x86.ActiveCfg = Release Obfuscated|Any CPU
		{F5B8F368-604C-4CFD-95E6-6CB7F2BCB832}.Release|Any CPU.ActiveCfg = Release|Any CPU
		{F5B8F368-604C-4CFD-95E6-6CB7F2BCB832}.Release|Any CPU.Build.0 = Release|Any CPU
		{F5B8F368-604C-4CFD-95E6-6CB7F2BCB832}.Release|Mixed Platforms.ActiveCfg = Release|Any CPU
		{F5B8F368-604C-4CFD-95E6-6CB7F2BCB832}.Release|Mixed Platforms.Build.0 = Release|Any CPU
		{F5B8F368-604C-4CFD-95E6-6CB7F2BCB832}.Release|x86.ActiveCfg = Release|Any CPU
		{DAD3886B-C8C6-463A-A07D-ED08C85F8D08}.Debug|Any CPU.ActiveCfg = Debug|Any CPU
		{DAD3886B-C8C6-463A-A07D-ED08C85F8D08}.Debug|Any CPU.Build.0 = Debug|Any CPU
		{DAD3886B-C8C6-463A-A07D-ED08C85F8D08}.Debug|Mixed Platforms.ActiveCfg = Debug|Any CPU
		{DAD3886B-C8C6-463A-A07D-ED08C85F8D08}.Debug|Mixed Platforms.Build.0 = Debug|Any CPU
		{DAD3886B-C8C6-463A-A07D-ED08C85F8D08}.Debug|x86.ActiveCfg = Debug|Any CPU
		{DAD3886B-C8C6-463A-A07D-ED08C85F8D08}.Release Obfuscated|Any CPU.ActiveCfg = Release Obfuscated|Any CPU
		{DAD3886B-C8C6-463A-A07D-ED08C85F8D08}.Release Obfuscated|Any CPU.Build.0 = Release Obfuscated|Any CPU
		{DAD3886B-C8C6-463A-A07D-ED08C85F8D08}.Release Obfuscated|Mixed Platforms.ActiveCfg = Release Obfuscated|Any CPU
		{DAD3886B-C8C6-463A-A07D-ED08C85F8D08}.Release Obfuscated|Mixed Platforms.Build.0 = Release Obfuscated|Any CPU
		{DAD3886B-C8C6-463A-A07D-ED08C85F8D08}.Release Obfuscated|x86.ActiveCfg = Release Obfuscated|Any CPU
		{DAD3886B-C8C6-463A-A07D-ED08C85F8D08}.Release|Any CPU.ActiveCfg = Release|Any CPU
		{DAD3886B-C8C6-463A-A07D-ED08C85F8D08}.Release|Any CPU.Build.0 = Release|Any CPU
		{DAD3886B-C8C6-463A-A07D-ED08C85F8D08}.Release|Mixed Platforms.ActiveCfg = Release|Any CPU
		{DAD3886B-C8C6-463A-A07D-ED08C85F8D08}.Release|Mixed Platforms.Build.0 = Release|Any CPU
		{DAD3886B-C8C6-463A-A07D-ED08C85F8D08}.Release|x86.ActiveCfg = Release|Any CPU
		{856D7D25-0BE2-455D-AE92-052C3CE82EA3}.Debug|Any CPU.ActiveCfg = Debug|Any CPU
		{856D7D25-0BE2-455D-AE92-052C3CE82EA3}.Debug|Any CPU.Build.0 = Debug|Any CPU
		{856D7D25-0BE2-455D-AE92-052C3CE82EA3}.Debug|Mixed Platforms.ActiveCfg = Debug|Any CPU
		{856D7D25-0BE2-455D-AE92-052C3CE82EA3}.Debug|Mixed Platforms.Build.0 = Debug|Any CPU
		{856D7D25-0BE2-455D-AE92-052C3CE82EA3}.Debug|x86.ActiveCfg = Debug|Any CPU
		{856D7D25-0BE2-455D-AE92-052C3CE82EA3}.Release Obfuscated|Any CPU.ActiveCfg = Release Obfuscated|Any CPU
		{856D7D25-0BE2-455D-AE92-052C3CE82EA3}.Release Obfuscated|Any CPU.Build.0 = Release Obfuscated|Any CPU
		{856D7D25-0BE2-455D-AE92-052C3CE82EA3}.Release Obfuscated|Mixed Platforms.ActiveCfg = Release Obfuscated|Any CPU
		{856D7D25-0BE2-455D-AE92-052C3CE82EA3}.Release Obfuscated|Mixed Platforms.Build.0 = Release Obfuscated|Any CPU
		{856D7D25-0BE2-455D-AE92-052C3CE82EA3}.Release Obfuscated|x86.ActiveCfg = Release Obfuscated|Any CPU
		{856D7D25-0BE2-455D-AE92-052C3CE82EA3}.Release|Any CPU.ActiveCfg = Release|Any CPU
		{856D7D25-0BE2-455D-AE92-052C3CE82EA3}.Release|Any CPU.Build.0 = Release|Any CPU
		{856D7D25-0BE2-455D-AE92-052C3CE82EA3}.Release|Mixed Platforms.ActiveCfg = Release|Any CPU
		{856D7D25-0BE2-455D-AE92-052C3CE82EA3}.Release|Mixed Platforms.Build.0 = Release|Any CPU
		{856D7D25-0BE2-455D-AE92-052C3CE82EA3}.Release|x86.ActiveCfg = Release|Any CPU
		{CC2AE1F7-17EE-4FA5-A9BC-B3CC38526CAB}.Debug|Any CPU.ActiveCfg = Debug|Any CPU
		{CC2AE1F7-17EE-4FA5-A9BC-B3CC38526CAB}.Debug|Any CPU.Build.0 = Debug|Any CPU
		{CC2AE1F7-17EE-4FA5-A9BC-B3CC38526CAB}.Debug|Mixed Platforms.ActiveCfg = Debug|Any CPU
		{CC2AE1F7-17EE-4FA5-A9BC-B3CC38526CAB}.Debug|Mixed Platforms.Build.0 = Debug|Any CPU
		{CC2AE1F7-17EE-4FA5-A9BC-B3CC38526CAB}.Debug|x86.ActiveCfg = Debug|Any CPU
		{CC2AE1F7-17EE-4FA5-A9BC-B3CC38526CAB}.Release Obfuscated|Any CPU.ActiveCfg = Release Obfuscated|Any CPU
		{CC2AE1F7-17EE-4FA5-A9BC-B3CC38526CAB}.Release Obfuscated|Any CPU.Build.0 = Release Obfuscated|Any CPU
		{CC2AE1F7-17EE-4FA5-A9BC-B3CC38526CAB}.Release Obfuscated|Mixed Platforms.ActiveCfg = Release Obfuscated|Any CPU
		{CC2AE1F7-17EE-4FA5-A9BC-B3CC38526CAB}.Release Obfuscated|Mixed Platforms.Build.0 = Release Obfuscated|Any CPU
		{CC2AE1F7-17EE-4FA5-A9BC-B3CC38526CAB}.Release Obfuscated|x86.ActiveCfg = Release Obfuscated|Any CPU
		{CC2AE1F7-17EE-4FA5-A9BC-B3CC38526CAB}.Release|Any CPU.ActiveCfg = Release|Any CPU
		{CC2AE1F7-17EE-4FA5-A9BC-B3CC38526CAB}.Release|Any CPU.Build.0 = Release|Any CPU
		{CC2AE1F7-17EE-4FA5-A9BC-B3CC38526CAB}.Release|Mixed Platforms.ActiveCfg = Release|Any CPU
		{CC2AE1F7-17EE-4FA5-A9BC-B3CC38526CAB}.Release|Mixed Platforms.Build.0 = Release|Any CPU
		{CC2AE1F7-17EE-4FA5-A9BC-B3CC38526CAB}.Release|x86.ActiveCfg = Release|Any CPU
		{855C2210-6121-4C67-8162-F1D14B34C035}.Debug|Any CPU.ActiveCfg = Debug|Any CPU
		{855C2210-6121-4C67-8162-F1D14B34C035}.Debug|Any CPU.Build.0 = Debug|Any CPU
		{855C2210-6121-4C67-8162-F1D14B34C035}.Debug|Mixed Platforms.ActiveCfg = Debug|Any CPU
		{855C2210-6121-4C67-8162-F1D14B34C035}.Debug|Mixed Platforms.Build.0 = Debug|Any CPU
		{855C2210-6121-4C67-8162-F1D14B34C035}.Debug|x86.ActiveCfg = Debug|Any CPU
		{855C2210-6121-4C67-8162-F1D14B34C035}.Release Obfuscated|Any CPU.ActiveCfg = Release Obfuscated|Any CPU
		{855C2210-6121-4C67-8162-F1D14B34C035}.Release Obfuscated|Any CPU.Build.0 = Release Obfuscated|Any CPU
		{855C2210-6121-4C67-8162-F1D14B34C035}.Release Obfuscated|Mixed Platforms.ActiveCfg = Release Obfuscated|Any CPU
		{855C2210-6121-4C67-8162-F1D14B34C035}.Release Obfuscated|Mixed Platforms.Build.0 = Release Obfuscated|Any CPU
		{855C2210-6121-4C67-8162-F1D14B34C035}.Release Obfuscated|x86.ActiveCfg = Release Obfuscated|Any CPU
		{855C2210-6121-4C67-8162-F1D14B34C035}.Release|Any CPU.ActiveCfg = Release|Any CPU
		{855C2210-6121-4C67-8162-F1D14B34C035}.Release|Any CPU.Build.0 = Release|Any CPU
		{855C2210-6121-4C67-8162-F1D14B34C035}.Release|Mixed Platforms.ActiveCfg = Release|Any CPU
		{855C2210-6121-4C67-8162-F1D14B34C035}.Release|Mixed Platforms.Build.0 = Release|Any CPU
		{855C2210-6121-4C67-8162-F1D14B34C035}.Release|x86.ActiveCfg = Release|Any CPU
		{E3D700D5-BDFB-4777-8E9C-53E8F943AC58}.Debug|Any CPU.ActiveCfg = Debug|Any CPU
		{E3D700D5-BDFB-4777-8E9C-53E8F943AC58}.Debug|Any CPU.Build.0 = Debug|Any CPU
		{E3D700D5-BDFB-4777-8E9C-53E8F943AC58}.Debug|Mixed Platforms.ActiveCfg = Debug|Any CPU
		{E3D700D5-BDFB-4777-8E9C-53E8F943AC58}.Debug|Mixed Platforms.Build.0 = Debug|Any CPU
		{E3D700D5-BDFB-4777-8E9C-53E8F943AC58}.Debug|x86.ActiveCfg = Debug|Any CPU
		{E3D700D5-BDFB-4777-8E9C-53E8F943AC58}.Release Obfuscated|Any CPU.ActiveCfg = Release Obfuscated|Any CPU
		{E3D700D5-BDFB-4777-8E9C-53E8F943AC58}.Release Obfuscated|Any CPU.Build.0 = Release Obfuscated|Any CPU
		{E3D700D5-BDFB-4777-8E9C-53E8F943AC58}.Release Obfuscated|Mixed Platforms.ActiveCfg = Release Obfuscated|Any CPU
		{E3D700D5-BDFB-4777-8E9C-53E8F943AC58}.Release Obfuscated|Mixed Platforms.Build.0 = Release Obfuscated|Any CPU
		{E3D700D5-BDFB-4777-8E9C-53E8F943AC58}.Release Obfuscated|x86.ActiveCfg = Release Obfuscated|Any CPU
		{E3D700D5-BDFB-4777-8E9C-53E8F943AC58}.Release|Any CPU.ActiveCfg = Release|Any CPU
		{E3D700D5-BDFB-4777-8E9C-53E8F943AC58}.Release|Any CPU.Build.0 = Release|Any CPU
		{E3D700D5-BDFB-4777-8E9C-53E8F943AC58}.Release|Mixed Platforms.ActiveCfg = Release|Any CPU
		{E3D700D5-BDFB-4777-8E9C-53E8F943AC58}.Release|Mixed Platforms.Build.0 = Release|Any CPU
		{E3D700D5-BDFB-4777-8E9C-53E8F943AC58}.Release|x86.ActiveCfg = Release|Any CPU
		{3966C325-0164-47A7-B526-D19ECDF04180}.Debug|Any CPU.ActiveCfg = Debug|Any CPU
		{3966C325-0164-47A7-B526-D19ECDF04180}.Debug|Any CPU.Build.0 = Debug|Any CPU
		{3966C325-0164-47A7-B526-D19ECDF04180}.Debug|Mixed Platforms.ActiveCfg = Debug|Any CPU
		{3966C325-0164-47A7-B526-D19ECDF04180}.Debug|Mixed Platforms.Build.0 = Debug|Any CPU
		{3966C325-0164-47A7-B526-D19ECDF04180}.Debug|x86.ActiveCfg = Debug|Any CPU
		{3966C325-0164-47A7-B526-D19ECDF04180}.Release Obfuscated|Any CPU.ActiveCfg = Release Obfuscated|Any CPU
		{3966C325-0164-47A7-B526-D19ECDF04180}.Release Obfuscated|Any CPU.Build.0 = Release Obfuscated|Any CPU
		{3966C325-0164-47A7-B526-D19ECDF04180}.Release Obfuscated|Mixed Platforms.ActiveCfg = Release Obfuscated|Any CPU
		{3966C325-0164-47A7-B526-D19ECDF04180}.Release Obfuscated|Mixed Platforms.Build.0 = Release Obfuscated|Any CPU
		{3966C325-0164-47A7-B526-D19ECDF04180}.Release Obfuscated|x86.ActiveCfg = Release Obfuscated|Any CPU
		{3966C325-0164-47A7-B526-D19ECDF04180}.Release|Any CPU.ActiveCfg = Release|Any CPU
		{3966C325-0164-47A7-B526-D19ECDF04180}.Release|Any CPU.Build.0 = Release|Any CPU
		{3966C325-0164-47A7-B526-D19ECDF04180}.Release|Mixed Platforms.ActiveCfg = Release|Any CPU
		{3966C325-0164-47A7-B526-D19ECDF04180}.Release|Mixed Platforms.Build.0 = Release|Any CPU
		{3966C325-0164-47A7-B526-D19ECDF04180}.Release|x86.ActiveCfg = Release|Any CPU
		{81D27875-F5C9-423F-BD44-509D7A8F951C}.Debug|Any CPU.ActiveCfg = Debug|Any CPU
		{81D27875-F5C9-423F-BD44-509D7A8F951C}.Debug|Any CPU.Build.0 = Debug|Any CPU
		{81D27875-F5C9-423F-BD44-509D7A8F951C}.Debug|Mixed Platforms.ActiveCfg = Debug|Any CPU
		{81D27875-F5C9-423F-BD44-509D7A8F951C}.Debug|Mixed Platforms.Build.0 = Debug|Any CPU
		{81D27875-F5C9-423F-BD44-509D7A8F951C}.Debug|x86.ActiveCfg = Debug|Any CPU
		{81D27875-F5C9-423F-BD44-509D7A8F951C}.Release Obfuscated|Any CPU.ActiveCfg = Release Obfuscated|Any CPU
		{81D27875-F5C9-423F-BD44-509D7A8F951C}.Release Obfuscated|Any CPU.Build.0 = Release Obfuscated|Any CPU
		{81D27875-F5C9-423F-BD44-509D7A8F951C}.Release Obfuscated|Mixed Platforms.ActiveCfg = Release Obfuscated|Any CPU
		{81D27875-F5C9-423F-BD44-509D7A8F951C}.Release Obfuscated|Mixed Platforms.Build.0 = Release Obfuscated|Any CPU
		{81D27875-F5C9-423F-BD44-509D7A8F951C}.Release Obfuscated|x86.ActiveCfg = Release Obfuscated|Any CPU
		{81D27875-F5C9-423F-BD44-509D7A8F951C}.Release|Any CPU.ActiveCfg = Release|Any CPU
		{81D27875-F5C9-423F-BD44-509D7A8F951C}.Release|Any CPU.Build.0 = Release|Any CPU
		{81D27875-F5C9-423F-BD44-509D7A8F951C}.Release|Mixed Platforms.ActiveCfg = Release|Any CPU
		{81D27875-F5C9-423F-BD44-509D7A8F951C}.Release|Mixed Platforms.Build.0 = Release|Any CPU
		{81D27875-F5C9-423F-BD44-509D7A8F951C}.Release|x86.ActiveCfg = Release|Any CPU
		{5D43B97A-7A41-414B-9282-26222E45BD63}.Debug|Any CPU.ActiveCfg = Debug|Any CPU
		{5D43B97A-7A41-414B-9282-26222E45BD63}.Debug|Any CPU.Build.0 = Debug|Any CPU
		{5D43B97A-7A41-414B-9282-26222E45BD63}.Debug|Mixed Platforms.ActiveCfg = Debug|Any CPU
		{5D43B97A-7A41-414B-9282-26222E45BD63}.Debug|Mixed Platforms.Build.0 = Debug|Any CPU
		{5D43B97A-7A41-414B-9282-26222E45BD63}.Debug|x86.ActiveCfg = Debug|Any CPU
		{5D43B97A-7A41-414B-9282-26222E45BD63}.Release Obfuscated|Any CPU.ActiveCfg = Release|Any CPU
		{5D43B97A-7A41-414B-9282-26222E45BD63}.Release Obfuscated|Any CPU.Build.0 = Release|Any CPU
		{5D43B97A-7A41-414B-9282-26222E45BD63}.Release Obfuscated|Mixed Platforms.ActiveCfg = Release|Any CPU
		{5D43B97A-7A41-414B-9282-26222E45BD63}.Release Obfuscated|Mixed Platforms.Build.0 = Release|Any CPU
		{5D43B97A-7A41-414B-9282-26222E45BD63}.Release Obfuscated|x86.ActiveCfg = Release|Any CPU
		{5D43B97A-7A41-414B-9282-26222E45BD63}.Release|Any CPU.ActiveCfg = Release|Any CPU
		{5D43B97A-7A41-414B-9282-26222E45BD63}.Release|Any CPU.Build.0 = Release|Any CPU
		{5D43B97A-7A41-414B-9282-26222E45BD63}.Release|Mixed Platforms.ActiveCfg = Release|Any CPU
		{5D43B97A-7A41-414B-9282-26222E45BD63}.Release|Mixed Platforms.Build.0 = Release|Any CPU
		{5D43B97A-7A41-414B-9282-26222E45BD63}.Release|x86.ActiveCfg = Release|Any CPU
		{D09AB159-030C-4055-9D76-73865883F6DA}.Debug|Any CPU.ActiveCfg = Debug|Any CPU
		{D09AB159-030C-4055-9D76-73865883F6DA}.Debug|Any CPU.Build.0 = Debug|Any CPU
		{D09AB159-030C-4055-9D76-73865883F6DA}.Debug|Mixed Platforms.ActiveCfg = Debug|Any CPU
		{D09AB159-030C-4055-9D76-73865883F6DA}.Debug|Mixed Platforms.Build.0 = Debug|Any CPU
		{D09AB159-030C-4055-9D76-73865883F6DA}.Debug|x86.ActiveCfg = Debug|Any CPU
		{D09AB159-030C-4055-9D76-73865883F6DA}.Release Obfuscated|Any CPU.ActiveCfg = Release Obfuscated|Any CPU
		{D09AB159-030C-4055-9D76-73865883F6DA}.Release Obfuscated|Any CPU.Build.0 = Release Obfuscated|Any CPU
		{D09AB159-030C-4055-9D76-73865883F6DA}.Release Obfuscated|Mixed Platforms.ActiveCfg = Release Obfuscated|Any CPU
		{D09AB159-030C-4055-9D76-73865883F6DA}.Release Obfuscated|Mixed Platforms.Build.0 = Release Obfuscated|Any CPU
		{D09AB159-030C-4055-9D76-73865883F6DA}.Release Obfuscated|x86.ActiveCfg = Release Obfuscated|Any CPU
		{D09AB159-030C-4055-9D76-73865883F6DA}.Release|Any CPU.ActiveCfg = Release|Any CPU
		{D09AB159-030C-4055-9D76-73865883F6DA}.Release|Any CPU.Build.0 = Release|Any CPU
		{D09AB159-030C-4055-9D76-73865883F6DA}.Release|Mixed Platforms.ActiveCfg = Release|Any CPU
		{D09AB159-030C-4055-9D76-73865883F6DA}.Release|Mixed Platforms.Build.0 = Release|Any CPU
		{D09AB159-030C-4055-9D76-73865883F6DA}.Release|x86.ActiveCfg = Release|Any CPU
		{1FAFF4DB-A95F-44F8-BEE6-5D6903F37FDF}.Debug|Any CPU.ActiveCfg = Debug|Any CPU
		{1FAFF4DB-A95F-44F8-BEE6-5D6903F37FDF}.Debug|Any CPU.Build.0 = Debug|Any CPU
		{1FAFF4DB-A95F-44F8-BEE6-5D6903F37FDF}.Debug|Mixed Platforms.ActiveCfg = Debug|Any CPU
		{1FAFF4DB-A95F-44F8-BEE6-5D6903F37FDF}.Debug|Mixed Platforms.Build.0 = Debug|Any CPU
		{1FAFF4DB-A95F-44F8-BEE6-5D6903F37FDF}.Debug|x86.ActiveCfg = Debug|Any CPU
		{1FAFF4DB-A95F-44F8-BEE6-5D6903F37FDF}.Release Obfuscated|Any CPU.ActiveCfg = Release Obfuscated|Any CPU
		{1FAFF4DB-A95F-44F8-BEE6-5D6903F37FDF}.Release Obfuscated|Any CPU.Build.0 = Release Obfuscated|Any CPU
		{1FAFF4DB-A95F-44F8-BEE6-5D6903F37FDF}.Release Obfuscated|Mixed Platforms.ActiveCfg = Release Obfuscated|Any CPU
		{1FAFF4DB-A95F-44F8-BEE6-5D6903F37FDF}.Release Obfuscated|Mixed Platforms.Build.0 = Release Obfuscated|Any CPU
		{1FAFF4DB-A95F-44F8-BEE6-5D6903F37FDF}.Release Obfuscated|x86.ActiveCfg = Release Obfuscated|Any CPU
		{1FAFF4DB-A95F-44F8-BEE6-5D6903F37FDF}.Release|Any CPU.ActiveCfg = Release|Any CPU
		{1FAFF4DB-A95F-44F8-BEE6-5D6903F37FDF}.Release|Any CPU.Build.0 = Release|Any CPU
		{1FAFF4DB-A95F-44F8-BEE6-5D6903F37FDF}.Release|Mixed Platforms.ActiveCfg = Release|Any CPU
		{1FAFF4DB-A95F-44F8-BEE6-5D6903F37FDF}.Release|Mixed Platforms.Build.0 = Release|Any CPU
		{1FAFF4DB-A95F-44F8-BEE6-5D6903F37FDF}.Release|x86.ActiveCfg = Release|Any CPU
		{225183EE-484D-466F-B539-770D45C36992}.Debug|Any CPU.ActiveCfg = Debug|Any CPU
		{225183EE-484D-466F-B539-770D45C36992}.Debug|Any CPU.Build.0 = Debug|Any CPU
		{225183EE-484D-466F-B539-770D45C36992}.Debug|Mixed Platforms.ActiveCfg = Debug|Any CPU
		{225183EE-484D-466F-B539-770D45C36992}.Debug|Mixed Platforms.Build.0 = Debug|Any CPU
		{225183EE-484D-466F-B539-770D45C36992}.Debug|x86.ActiveCfg = Debug|Any CPU
		{225183EE-484D-466F-B539-770D45C36992}.Release Obfuscated|Any CPU.ActiveCfg = Release Obfuscated|Any CPU
		{225183EE-484D-466F-B539-770D45C36992}.Release Obfuscated|Any CPU.Build.0 = Release Obfuscated|Any CPU
		{225183EE-484D-466F-B539-770D45C36992}.Release Obfuscated|Mixed Platforms.ActiveCfg = Release Obfuscated|Any CPU
		{225183EE-484D-466F-B539-770D45C36992}.Release Obfuscated|Mixed Platforms.Build.0 = Release Obfuscated|Any CPU
		{225183EE-484D-466F-B539-770D45C36992}.Release Obfuscated|x86.ActiveCfg = Release Obfuscated|Any CPU
		{225183EE-484D-466F-B539-770D45C36992}.Release|Any CPU.ActiveCfg = Release|Any CPU
		{225183EE-484D-466F-B539-770D45C36992}.Release|Any CPU.Build.0 = Release|Any CPU
		{225183EE-484D-466F-B539-770D45C36992}.Release|Mixed Platforms.ActiveCfg = Release|Any CPU
		{225183EE-484D-466F-B539-770D45C36992}.Release|Mixed Platforms.Build.0 = Release|Any CPU
		{225183EE-484D-466F-B539-770D45C36992}.Release|x86.ActiveCfg = Release|Any CPU
	EndGlobalSection
	GlobalSection(SolutionProperties) = preSolution
		HideSolutionNode = FALSE
	EndGlobalSection
	GlobalSection(NestedProjects) = preSolution
		{4E18AB85-CC68-49D2-B71E-06B98D85060F} = {9AC70A6E-406F-4336-80D6-0BDEF559D513}
		{400CBB9B-9EEA-4D7F-8390-3A8B77D4E45B} = {9AC70A6E-406F-4336-80D6-0BDEF559D513}
		{F13AD7D0-6215-4958-98FC-712BAFA86148} = {9AC70A6E-406F-4336-80D6-0BDEF559D513}
		{2706FE95-FB43-4470-A0F5-A1227C97C673} = {9AC70A6E-406F-4336-80D6-0BDEF559D513}
		{5D43B97A-7A41-414B-9282-26222E45BD63} = {9AC70A6E-406F-4336-80D6-0BDEF559D513}
		{64DD82F2-6C87-4211-A1C3-103E35AC7DD8} = {DEC79EE6-E98D-4554-9CC1-07778853CDB2}
		{F5B8F368-604C-4CFD-95E6-6CB7F2BCB832} = {DEC79EE6-E98D-4554-9CC1-07778853CDB2}
		{DAD3886B-C8C6-463A-A07D-ED08C85F8D08} = {DEC79EE6-E98D-4554-9CC1-07778853CDB2}
		{CC2AE1F7-17EE-4FA5-A9BC-B3CC38526CAB} = {DEC79EE6-E98D-4554-9CC1-07778853CDB2}
		{E3D700D5-BDFB-4777-8E9C-53E8F943AC58} = {DEC79EE6-E98D-4554-9CC1-07778853CDB2}
		{3966C325-0164-47A7-B526-D19ECDF04180} = {DEC79EE6-E98D-4554-9CC1-07778853CDB2}
		{81D27875-F5C9-423F-BD44-509D7A8F951C} = {DEC79EE6-E98D-4554-9CC1-07778853CDB2}
		{856D7D25-0BE2-455D-AE92-052C3CE82EA3} = {B886E9D0-C3C8-42A5-8E15-A8254742176A}
		{855C2210-6121-4C67-8162-F1D14B34C035} = {B886E9D0-C3C8-42A5-8E15-A8254742176A}
		{D09AB159-030C-4055-9D76-73865883F6DA} = {B886E9D0-C3C8-42A5-8E15-A8254742176A}
		{1FAFF4DB-A95F-44F8-BEE6-5D6903F37FDF} = {B886E9D0-C3C8-42A5-8E15-A8254742176A}
		{225183EE-484D-466F-B539-770D45C36992} = {B886E9D0-C3C8-42A5-8E15-A8254742176A}
	EndGlobalSection
EndGlobal
