
Microsoft Visual Studio Solution File, Format Version 12.00
# Visual Studio 2012
Project("{FAE04EC0-301F-11D3-BF4B-00C04F79EFBC}") = "CloudECMClientConfiguration", "..\CloudECMClientConfiguration\CloudECMClientConfiguration.csproj", "{BC2A5A60-818A-4705-9935-DF0721C45CDD}"
EndProject
Project("{FAE04EC0-301F-11D3-BF4B-00C04F79EFBC}") = "DataCreator", "..\DataCreator\DataCreator.csproj", "{6ADE23DD-AC56-48A9-8722-352319DA2A64}"
EndProject
Project("{FAE04EC0-301F-11D3-BF4B-00C04F79EFBC}") = "DataEncryptor", "DataEncryptor\DataEncryptor.csproj", "{F7E42290-592F-4710-BB67-E1353D1DA511}"
EndProject
Project("{FAE04EC0-301F-11D3-BF4B-00C04F79EFBC}") = "Utility", "..\Utility\Utility.csproj", "{F5B8F368-604C-4CFD-95E6-6CB7F2BCB832}"
EndProject
Project("{FAE04EC0-301F-11D3-BF4B-00C04F79EFBC}") = "Mvvm", "..\Mvvm\Mvvm.csproj", "{81D27875-F5C9-423F-BD44-509D7A8F951C}"
EndProject
Project("{FAE04EC0-301F-11D3-BF4B-00C04F79EFBC}") = "CustomControl", "..\CustomControl\CustomControl.csproj", "{DAD3886B-C8C6-463A-A07D-ED08C85F8D08}"
EndProject
Project("{FAE04EC0-301F-11D3-BF4B-00C04F79EFBC}") = "Core", "..\Core\Core.csproj", "{B31CFFE3-D0FE-4B48-8886-6ABB2AE8E64F}"
EndProject
Project("{FAE04EC0-301F-11D3-BF4B-00C04F79EFBC}") = "Domain", "..\Domain\Domain.csproj", "{855C2210-6121-4C67-8162-F1D14B34C035}"
EndProject
Project("{2150E333-8FDC-42A3-9474-1A3956D46DE8}") = "Libraries", "Libraries", "{DFDE3FCE-63CD-4470-A9CD-5759B280630D}"
EndProject
Project("{2150E333-8FDC-42A3-9474-1A3956D46DE8}") = "Tool", "Tool", "{E09EBB0A-7B12-4C8F-8E88-2C1CAD230524}"
EndProject
Project("{930C7802-8A8C-48F9-8165-68863BCCD9DD}") = "FirefoxPlugin4Win7", "..\FirefoxPlugin4Win7\FirefoxPlugin4Win7.wixproj", "{73A83B39-E300-4959-9B22-B9EDA90D5F75}"
EndProject
Project("{6141683F-8A12-4E36-9623-2EB02B2C2303}") = "ClientConfigurationInstaller", "ClientConfigurationInstaller\ClientConfigurationInstaller.isproj", "{6F037DC5-8FE4-4E9F-AB01-C41BC3970657}"
	ProjectSection(ProjectDependencies) = postProject
		{BC2A5A60-818A-4705-9935-DF0721C45CDD} = {BC2A5A60-818A-4705-9935-DF0721C45CDD}
	EndProjectSection
EndProject
Global
	GlobalSection(TeamFoundationVersionControl) = preSolution
		SccNumberOfProjects = 10
		SccEnterpriseProvider = {4CA58AB2-18FA-4F8D-95D4-32DDF27D184C}
		SccTeamFoundationServer = http://innoria.com:8085/tfs/defaultcollection
		SccProjectUniqueName0 = ..\\DataCreator\\DataCreator.csproj
		SccProjectTopLevelParentUniqueName0 = Ecm.AdminTool.sln
		SccProjectName0 = ../DataCreator
		SccLocalPath0 = ..\\DataCreator
		SccProjectUniqueName1 = ..\\Mvvm\\Mvvm.csproj
		SccProjectTopLevelParentUniqueName1 = Ecm.AdminTool.sln
		SccProjectName1 = ../Mvvm
		SccLocalPath1 = ..\\Mvvm
		SccProjectUniqueName2 = ..\\CustomControl\\CustomControl.csproj
		SccProjectTopLevelParentUniqueName2 = Ecm.AdminTool.sln
		SccProjectName2 = ../CustomControl
		SccLocalPath2 = ..\\CustomControl
		SccProjectUniqueName3 = ..\\Core\\Core.csproj
		SccProjectTopLevelParentUniqueName3 = Ecm.AdminTool.sln
		SccProjectName3 = ../Core
		SccLocalPath3 = ..\\Core
		SccProjectUniqueName4 = ..\\Domain\\Domain.csproj
		SccProjectTopLevelParentUniqueName4 = Ecm.AdminTool.sln
		SccProjectName4 = ../Domain
		SccLocalPath4 = ..\\Domain
		SccProjectUniqueName5 = ..\\Utility\\Utility.csproj
		SccProjectTopLevelParentUniqueName5 = Ecm.AdminTool.sln
		SccProjectName5 = ../Utility
		SccLocalPath5 = ..\\Utility
		SccLocalPath6 = .
		SccProjectUniqueName7 = ..\\CloudECMClientConfiguration\\CloudECMClientConfiguration.csproj
		SccProjectTopLevelParentUniqueName7 = Ecm.AdminTool.sln
		SccProjectName7 = ../CloudECMClientConfiguration
		SccLocalPath7 = ..\\CloudECMClientConfiguration
		SccProjectUniqueName8 = DataEncryptor\\DataEncryptor.csproj
		SccProjectTopLevelParentUniqueName8 = Ecm.AdminTool.sln
		SccProjectName8 = DataEncryptor
		SccLocalPath8 = DataEncryptor
		SccProjectUniqueName9 = ..\\FirefoxPlugin4Win7\\FirefoxPlugin4Win7.wixproj
		SccProjectTopLevelParentUniqueName9 = Ecm.AdminTool.sln
		SccProjectName9 = ../FirefoxPlugin4Win7
		SccLocalPath9 = ..\\FirefoxPlugin4Win7
	EndGlobalSection
	GlobalSection(SolutionConfigurationPlatforms) = preSolution
		Debug|Any CPU = Debug|Any CPU
		Debug|Mixed Platforms = Debug|Mixed Platforms
		Debug|x86 = Debug|x86
		Release Obfuscated|Any CPU = Release Obfuscated|Any CPU
		Release Obfuscated|Mixed Platforms = Release Obfuscated|Mixed Platforms
		Release Obfuscated|x86 = Release Obfuscated|x86
		Release|Any CPU = Release|Any CPU
		Release|Mixed Platforms = Release|Mixed Platforms
		Release|x86 = Release|x86
	EndGlobalSection
	GlobalSection(ProjectConfigurationPlatforms) = postSolution
		{BC2A5A60-818A-4705-9935-DF0721C45CDD}.Debug|Any CPU.ActiveCfg = Debug|x86
		{BC2A5A60-818A-4705-9935-DF0721C45CDD}.Debug|Mixed Platforms.ActiveCfg = Debug|x86
		{BC2A5A60-818A-4705-9935-DF0721C45CDD}.Debug|Mixed Platforms.Build.0 = Debug|x86
		{BC2A5A60-818A-4705-9935-DF0721C45CDD}.Debug|x86.ActiveCfg = Debug|x86
		{BC2A5A60-818A-4705-9935-DF0721C45CDD}.Debug|x86.Build.0 = Debug|x86
		{BC2A5A60-818A-4705-9935-DF0721C45CDD}.Release Obfuscated|Any CPU.ActiveCfg = Release Obfuscated|x86
		{BC2A5A60-818A-4705-9935-DF0721C45CDD}.Release Obfuscated|Mixed Platforms.ActiveCfg = Release Obfuscated|x86
		{BC2A5A60-818A-4705-9935-DF0721C45CDD}.Release Obfuscated|Mixed Platforms.Build.0 = Release Obfuscated|x86
		{BC2A5A60-818A-4705-9935-DF0721C45CDD}.Release Obfuscated|x86.ActiveCfg = Release Obfuscated|x86
		{BC2A5A60-818A-4705-9935-DF0721C45CDD}.Release Obfuscated|x86.Build.0 = Release Obfuscated|x86
		{BC2A5A60-818A-4705-9935-DF0721C45CDD}.Release|Any CPU.ActiveCfg = Release|x86
		{BC2A5A60-818A-4705-9935-DF0721C45CDD}.Release|Mixed Platforms.ActiveCfg = Release|x86
		{BC2A5A60-818A-4705-9935-DF0721C45CDD}.Release|Mixed Platforms.Build.0 = Release|x86
		{BC2A5A60-818A-4705-9935-DF0721C45CDD}.Release|x86.ActiveCfg = Release|x86
		{BC2A5A60-818A-4705-9935-DF0721C45CDD}.Release|x86.Build.0 = Release|x86
		{6ADE23DD-AC56-48A9-8722-352319DA2A64}.Debug|Any CPU.ActiveCfg = Debug|Any CPU
		{6ADE23DD-AC56-48A9-8722-352319DA2A64}.Debug|Any CPU.Build.0 = Debug|Any CPU
		{6ADE23DD-AC56-48A9-8722-352319DA2A64}.Debug|Mixed Platforms.ActiveCfg = Debug|x86
		{6ADE23DD-AC56-48A9-8722-352319DA2A64}.Debug|Mixed Platforms.Build.0 = Debug|x86
		{6ADE23DD-AC56-48A9-8722-352319DA2A64}.Debug|x86.ActiveCfg = Debug|x86
		{6ADE23DD-AC56-48A9-8722-352319DA2A64}.Debug|x86.Build.0 = Debug|x86
		{6ADE23DD-AC56-48A9-8722-352319DA2A64}.Release Obfuscated|Any CPU.ActiveCfg = Release Obfuscated|Any CPU
		{6ADE23DD-AC56-48A9-8722-352319DA2A64}.Release Obfuscated|Any CPU.Build.0 = Release Obfuscated|Any CPU
		{6ADE23DD-AC56-48A9-8722-352319DA2A64}.Release Obfuscated|Mixed Platforms.ActiveCfg = Release Obfuscated|x86
		{6ADE23DD-AC56-48A9-8722-352319DA2A64}.Release Obfuscated|Mixed Platforms.Build.0 = Release Obfuscated|x86
		{6ADE23DD-AC56-48A9-8722-352319DA2A64}.Release Obfuscated|x86.ActiveCfg = Release Obfuscated|x86
		{6ADE23DD-AC56-48A9-8722-352319DA2A64}.Release Obfuscated|x86.Build.0 = Release Obfuscated|x86
		{6ADE23DD-AC56-48A9-8722-352319DA2A64}.Release|Any CPU.ActiveCfg = Release|Any CPU
		{6ADE23DD-AC56-48A9-8722-352319DA2A64}.Release|Any CPU.Build.0 = Release|Any CPU
		{6ADE23DD-AC56-48A9-8722-352319DA2A64}.Release|Mixed Platforms.ActiveCfg = Release|x86
		{6ADE23DD-AC56-48A9-8722-352319DA2A64}.Release|Mixed Platforms.Build.0 = Release|x86
		{6ADE23DD-AC56-48A9-8722-352319DA2A64}.Release|x86.ActiveCfg = Release|x86
		{6ADE23DD-AC56-48A9-8722-352319DA2A64}.Release|x86.Build.0 = Release|x86
		{F7E42290-592F-4710-BB67-E1353D1DA511}.Debug|Any CPU.ActiveCfg = Debug|Any CPU
		{F7E42290-592F-4710-BB67-E1353D1DA511}.Debug|Any CPU.Build.0 = Debug|Any CPU
		{F7E42290-592F-4710-BB67-E1353D1DA511}.Debug|Mixed Platforms.ActiveCfg = Debug|Any CPU
		{F7E42290-592F-4710-BB67-E1353D1DA511}.Debug|Mixed Platforms.Build.0 = Debug|Any CPU
		{F7E42290-592F-4710-BB67-E1353D1DA511}.Debug|x86.ActiveCfg = Debug|Any CPU
		{F7E42290-592F-4710-BB67-E1353D1DA511}.Release Obfuscated|Any CPU.ActiveCfg = Release|Any CPU
		{F7E42290-592F-4710-BB67-E1353D1DA511}.Release Obfuscated|Any CPU.Build.0 = Release|Any CPU
		{F7E42290-592F-4710-BB67-E1353D1DA511}.Release Obfuscated|Mixed Platforms.ActiveCfg = Release|Any CPU
		{F7E42290-592F-4710-BB67-E1353D1DA511}.Release Obfuscated|Mixed Platforms.Build.0 = Release|Any CPU
		{F7E42290-592F-4710-BB67-E1353D1DA511}.Release Obfuscated|x86.ActiveCfg = Release|Any CPU
		{F7E42290-592F-4710-BB67-E1353D1DA511}.Release|Any CPU.ActiveCfg = Release|Any CPU
		{F7E42290-592F-4710-BB67-E1353D1DA511}.Release|Any CPU.Build.0 = Release|Any CPU
		{F7E42290-592F-4710-BB67-E1353D1DA511}.Release|Mixed Platforms.ActiveCfg = Release|Any CPU
		{F7E42290-592F-4710-BB67-E1353D1DA511}.Release|Mixed Platforms.Build.0 = Release|Any CPU
		{F7E42290-592F-4710-BB67-E1353D1DA511}.Release|x86.ActiveCfg = Release|Any CPU
		{F5B8F368-604C-4CFD-95E6-6CB7F2BCB832}.Debug|Any CPU.ActiveCfg = Debug|Any CPU
		{F5B8F368-604C-4CFD-95E6-6CB7F2BCB832}.Debug|Any CPU.Build.0 = Debug|Any CPU
		{F5B8F368-604C-4CFD-95E6-6CB7F2BCB832}.Debug|Mixed Platforms.ActiveCfg = Debug|Any CPU
		{F5B8F368-604C-4CFD-95E6-6CB7F2BCB832}.Debug|Mixed Platforms.Build.0 = Debug|Any CPU
		{F5B8F368-604C-4CFD-95E6-6CB7F2BCB832}.Debug|x86.ActiveCfg = Debug|Any CPU
		{F5B8F368-604C-4CFD-95E6-6CB7F2BCB832}.Release Obfuscated|Any CPU.ActiveCfg = Release Obfuscated|Any CPU
		{F5B8F368-604C-4CFD-95E6-6CB7F2BCB832}.Release Obfuscated|Any CPU.Build.0 = Release Obfuscated|Any CPU
		{F5B8F368-604C-4CFD-95E6-6CB7F2BCB832}.Release Obfuscated|Mixed Platforms.ActiveCfg = Release Obfuscated|Any CPU
		{F5B8F368-604C-4CFD-95E6-6CB7F2BCB832}.Release Obfuscated|Mixed Platforms.Build.0 = Release Obfuscated|Any CPU
		{F5B8F368-604C-4CFD-95E6-6CB7F2BCB832}.Release Obfuscated|x86.ActiveCfg = Release Obfuscated|Any CPU
		{F5B8F368-604C-4CFD-95E6-6CB7F2BCB832}.Release|Any CPU.ActiveCfg = Release|Any CPU
		{F5B8F368-604C-4CFD-95E6-6CB7F2BCB832}.Release|Any CPU.Build.0 = Release|Any CPU
		{F5B8F368-604C-4CFD-95E6-6CB7F2BCB832}.Release|Mixed Platforms.ActiveCfg = Release|Any CPU
		{F5B8F368-604C-4CFD-95E6-6CB7F2BCB832}.Release|Mixed Platforms.Build.0 = Release|Any CPU
		{F5B8F368-604C-4CFD-95E6-6CB7F2BCB832}.Release|x86.ActiveCfg = Release|Any CPU
		{81D27875-F5C9-423F-BD44-509D7A8F951C}.Debug|Any CPU.ActiveCfg = Debug|Any CPU
		{81D27875-F5C9-423F-BD44-509D7A8F951C}.Debug|Any CPU.Build.0 = Debug|Any CPU
		{81D27875-F5C9-423F-BD44-509D7A8F951C}.Debug|Mixed Platforms.ActiveCfg = Debug|Any CPU
		{81D27875-F5C9-423F-BD44-509D7A8F951C}.Debug|Mixed Platforms.Build.0 = Debug|Any CPU
		{81D27875-F5C9-423F-BD44-509D7A8F951C}.Debug|x86.ActiveCfg = Debug|Any CPU
		{81D27875-F5C9-423F-BD44-509D7A8F951C}.Release Obfuscated|Any CPU.ActiveCfg = Release Obfuscated|Any CPU
		{81D27875-F5C9-423F-BD44-509D7A8F951C}.Release Obfuscated|Any CPU.Build.0 = Release Obfuscated|Any CPU
		{81D27875-F5C9-423F-BD44-509D7A8F951C}.Release Obfuscated|Mixed Platforms.ActiveCfg = Release Obfuscated|Any CPU
		{81D27875-F5C9-423F-BD44-509D7A8F951C}.Release Obfuscated|Mixed Platforms.Build.0 = Release Obfuscated|Any CPU
		{81D27875-F5C9-423F-BD44-509D7A8F951C}.Release Obfuscated|x86.ActiveCfg = Release Obfuscated|Any CPU
		{81D27875-F5C9-423F-BD44-509D7A8F951C}.Release|Any CPU.ActiveCfg = Release|Any CPU
		{81D27875-F5C9-423F-BD44-509D7A8F951C}.Release|Any CPU.Build.0 = Release|Any CPU
		{81D27875-F5C9-423F-BD44-509D7A8F951C}.Release|Mixed Platforms.ActiveCfg = Release|Any CPU
		{81D27875-F5C9-423F-BD44-509D7A8F951C}.Release|Mixed Platforms.Build.0 = Release|Any CPU
		{81D27875-F5C9-423F-BD44-509D7A8F951C}.Release|x86.ActiveCfg = Release|Any CPU
		{DAD3886B-C8C6-463A-A07D-ED08C85F8D08}.Debug|Any CPU.ActiveCfg = Debug|Any CPU
		{DAD3886B-C8C6-463A-A07D-ED08C85F8D08}.Debug|Any CPU.Build.0 = Debug|Any CPU
		{DAD3886B-C8C6-463A-A07D-ED08C85F8D08}.Debug|Mixed Platforms.ActiveCfg = Debug|Any CPU
		{DAD3886B-C8C6-463A-A07D-ED08C85F8D08}.Debug|Mixed Platforms.Build.0 = Debug|Any CPU
		{DAD3886B-C8C6-463A-A07D-ED08C85F8D08}.Debug|x86.ActiveCfg = Debug|Any CPU
		{DAD3886B-C8C6-463A-A07D-ED08C85F8D08}.Release Obfuscated|Any CPU.ActiveCfg = Release Obfuscated|Any CPU
		{DAD3886B-C8C6-463A-A07D-ED08C85F8D08}.Release Obfuscated|Any CPU.Build.0 = Release Obfuscated|Any CPU
		{DAD3886B-C8C6-463A-A07D-ED08C85F8D08}.Release Obfuscated|Mixed Platforms.ActiveCfg = Release Obfuscated|Any CPU
		{DAD3886B-C8C6-463A-A07D-ED08C85F8D08}.Release Obfuscated|Mixed Platforms.Build.0 = Release Obfuscated|Any CPU
		{DAD3886B-C8C6-463A-A07D-ED08C85F8D08}.Release Obfuscated|x86.ActiveCfg = Release Obfuscated|Any CPU
		{DAD3886B-C8C6-463A-A07D-ED08C85F8D08}.Release|Any CPU.ActiveCfg = Release|Any CPU
		{DAD3886B-C8C6-463A-A07D-ED08C85F8D08}.Release|Any CPU.Build.0 = Release|Any CPU
		{DAD3886B-C8C6-463A-A07D-ED08C85F8D08}.Release|Mixed Platforms.ActiveCfg = Release|Any CPU
		{DAD3886B-C8C6-463A-A07D-ED08C85F8D08}.Release|Mixed Platforms.Build.0 = Release|Any CPU
		{DAD3886B-C8C6-463A-A07D-ED08C85F8D08}.Release|x86.ActiveCfg = Release|Any CPU
		{B31CFFE3-D0FE-4B48-8886-6ABB2AE8E64F}.Debug|Any CPU.ActiveCfg = Debug|Any CPU
		{B31CFFE3-D0FE-4B48-8886-6ABB2AE8E64F}.Debug|Any CPU.Build.0 = Debug|Any CPU
		{B31CFFE3-D0FE-4B48-8886-6ABB2AE8E64F}.Debug|Mixed Platforms.ActiveCfg = Debug|Any CPU
		{B31CFFE3-D0FE-4B48-8886-6ABB2AE8E64F}.Debug|Mixed Platforms.Build.0 = Debug|Any CPU
		{B31CFFE3-D0FE-4B48-8886-6ABB2AE8E64F}.Debug|x86.ActiveCfg = Debug|Any CPU
		{B31CFFE3-D0FE-4B48-8886-6ABB2AE8E64F}.Release Obfuscated|Any CPU.ActiveCfg = Release Obfuscated|Any CPU
		{B31CFFE3-D0FE-4B48-8886-6ABB2AE8E64F}.Release Obfuscated|Any CPU.Build.0 = Release Obfuscated|Any CPU
		{B31CFFE3-D0FE-4B48-8886-6ABB2AE8E64F}.Release Obfuscated|Mixed Platforms.ActiveCfg = Release Obfuscated|Any CPU
		{B31CFFE3-D0FE-4B48-8886-6ABB2AE8E64F}.Release Obfuscated|Mixed Platforms.Build.0 = Release Obfuscated|Any CPU
		{B31CFFE3-D0FE-4B48-8886-6ABB2AE8E64F}.Release Obfuscated|x86.ActiveCfg = Release Obfuscated|Any CPU
		{B31CFFE3-D0FE-4B48-8886-6ABB2AE8E64F}.Release|Any CPU.ActiveCfg = Release|Any CPU
		{B31CFFE3-D0FE-4B48-8886-6ABB2AE8E64F}.Release|Any CPU.Build.0 = Release|Any CPU
		{B31CFFE3-D0FE-4B48-8886-6ABB2AE8E64F}.Release|Mixed Platforms.ActiveCfg = Release|Any CPU
		{B31CFFE3-D0FE-4B48-8886-6ABB2AE8E64F}.Release|Mixed Platforms.Build.0 = Release|Any CPU
		{B31CFFE3-D0FE-4B48-8886-6ABB2AE8E64F}.Release|x86.ActiveCfg = Release|Any CPU
		{855C2210-6121-4C67-8162-F1D14B34C035}.Debug|Any CPU.ActiveCfg = Debug|Any CPU
		{855C2210-6121-4C67-8162-F1D14B34C035}.Debug|Any CPU.Build.0 = Debug|Any CPU
		{855C2210-6121-4C67-8162-F1D14B34C035}.Debug|Mixed Platforms.ActiveCfg = Debug|Any CPU
		{855C2210-6121-4C67-8162-F1D14B34C035}.Debug|Mixed Platforms.Build.0 = Debug|Any CPU
		{855C2210-6121-4C67-8162-F1D14B34C035}.Debug|x86.ActiveCfg = Debug|Any CPU
		{855C2210-6121-4C67-8162-F1D14B34C035}.Release Obfuscated|Any CPU.ActiveCfg = Release Obfuscated|Any CPU
		{855C2210-6121-4C67-8162-F1D14B34C035}.Release Obfuscated|Any CPU.Build.0 = Release Obfuscated|Any CPU
		{855C2210-6121-4C67-8162-F1D14B34C035}.Release Obfuscated|Mixed Platforms.ActiveCfg = Release Obfuscated|Any CPU
		{855C2210-6121-4C67-8162-F1D14B34C035}.Release Obfuscated|Mixed Platforms.Build.0 = Release Obfuscated|Any CPU
		{855C2210-6121-4C67-8162-F1D14B34C035}.Release Obfuscated|x86.ActiveCfg = Release Obfuscated|Any CPU
		{855C2210-6121-4C67-8162-F1D14B34C035}.Release|Any CPU.ActiveCfg = Release|Any CPU
		{855C2210-6121-4C67-8162-F1D14B34C035}.Release|Any CPU.Build.0 = Release|Any CPU
		{855C2210-6121-4C67-8162-F1D14B34C035}.Release|Mixed Platforms.ActiveCfg = Release|Any CPU
		{855C2210-6121-4C67-8162-F1D14B34C035}.Release|Mixed Platforms.Build.0 = Release|Any CPU
		{855C2210-6121-4C67-8162-F1D14B34C035}.Release|x86.ActiveCfg = Release|Any CPU
		{73A83B39-E300-4959-9B22-B9EDA90D5F75}.Debug|Any CPU.ActiveCfg = Debug|x86
		{73A83B39-E300-4959-9B22-B9EDA90D5F75}.Debug|Mixed Platforms.ActiveCfg = Debug|x86
		{73A83B39-E300-4959-9B22-B9EDA90D5F75}.Debug|Mixed Platforms.Build.0 = Debug|x86
		{73A83B39-E300-4959-9B22-B9EDA90D5F75}.Debug|x86.ActiveCfg = Debug|x86
		{73A83B39-E300-4959-9B22-B9EDA90D5F75}.Debug|x86.Build.0 = Debug|x86
		{73A83B39-E300-4959-9B22-B9EDA90D5F75}.Release Obfuscated|Any CPU.ActiveCfg = Release Obfuscated|x86
		{73A83B39-E300-4959-9B22-B9EDA90D5F75}.Release Obfuscated|Mixed Platforms.ActiveCfg = Release Obfuscated|x86
		{73A83B39-E300-4959-9B22-B9EDA90D5F75}.Release Obfuscated|Mixed Platforms.Build.0 = Release Obfuscated|x86
		{73A83B39-E300-4959-9B22-B9EDA90D5F75}.Release Obfuscated|x86.ActiveCfg = Release Obfuscated|x86
		{73A83B39-E300-4959-9B22-B9EDA90D5F75}.Release Obfuscated|x86.Build.0 = Release Obfuscated|x86
		{73A83B39-E300-4959-9B22-B9EDA90D5F75}.Release|Any CPU.ActiveCfg = Release|x86
		{73A83B39-E300-4959-9B22-B9EDA90D5F75}.Release|Mixed Platforms.ActiveCfg = Release|x86
		{73A83B39-E300-4959-9B22-B9EDA90D5F75}.Release|Mixed Platforms.Build.0 = Release|x86
		{73A83B39-E300-4959-9B22-B9EDA90D5F75}.Release|x86.ActiveCfg = Release|x86
		{73A83B39-E300-4959-9B22-B9EDA90D5F75}.Release|x86.Build.0 = Release|x86
		{6F037DC5-8FE4-4E9F-AB01-C41BC3970657}.Debug|Any CPU.ActiveCfg = DVD-5
		{6F037DC5-8FE4-4E9F-AB01-C41BC3970657}.Debug|Any CPU.Build.0 = DVD-5
		{6F037DC5-8FE4-4E9F-AB01-C41BC3970657}.Debug|Mixed Platforms.ActiveCfg = DVD-5
		{6F037DC5-8FE4-4E9F-AB01-C41BC3970657}.Debug|Mixed Platforms.Build.0 = DVD-5
		{6F037DC5-8FE4-4E9F-AB01-C41BC3970657}.Debug|x86.ActiveCfg = DVD-5
		{6F037DC5-8FE4-4E9F-AB01-C41BC3970657}.Debug|x86.Build.0 = DVD-5
		{6F037DC5-8FE4-4E9F-AB01-C41BC3970657}.Release Obfuscated|Any CPU.ActiveCfg = SingleImage
		{6F037DC5-8FE4-4E9F-AB01-C41BC3970657}.Release Obfuscated|Any CPU.Build.0 = SingleImage
		{6F037DC5-8FE4-4E9F-AB01-C41BC3970657}.Release Obfuscated|Mixed Platforms.ActiveCfg = SingleImage
		{6F037DC5-8FE4-4E9F-AB01-C41BC3970657}.Release Obfuscated|Mixed Platforms.Build.0 = SingleImage
		{6F037DC5-8FE4-4E9F-AB01-C41BC3970657}.Release Obfuscated|x86.ActiveCfg = SingleImage
		{6F037DC5-8FE4-4E9F-AB01-C41BC3970657}.Release Obfuscated|x86.Build.0 = SingleImage
		{6F037DC5-8FE4-4E9F-AB01-C41BC3970657}.Release|Any CPU.ActiveCfg = SingleImage
		{6F037DC5-8FE4-4E9F-AB01-C41BC3970657}.Release|Any CPU.Build.0 = SingleImage
		{6F037DC5-8FE4-4E9F-AB01-C41BC3970657}.Release|Mixed Platforms.ActiveCfg = SingleImage
		{6F037DC5-8FE4-4E9F-AB01-C41BC3970657}.Release|Mixed Platforms.Build.0 = SingleImage
		{6F037DC5-8FE4-4E9F-AB01-C41BC3970657}.Release|x86.ActiveCfg = SingleImage
		{6F037DC5-8FE4-4E9F-AB01-C41BC3970657}.Release|x86.Build.0 = SingleImage
	EndGlobalSection
	GlobalSection(SolutionProperties) = preSolution
		HideSolutionNode = FALSE
	EndGlobalSection
	GlobalSection(NestedProjects) = preSolution
		{6ADE23DD-AC56-48A9-8722-352319DA2A64} = {E09EBB0A-7B12-4C8F-8E88-2C1CAD230524}
		{F7E42290-592F-4710-BB67-E1353D1DA511} = {E09EBB0A-7B12-4C8F-8E88-2C1CAD230524}
		{BC2A5A60-818A-4705-9935-DF0721C45CDD} = {E09EBB0A-7B12-4C8F-8E88-2C1CAD230524}
		{73A83B39-E300-4959-9B22-B9EDA90D5F75} = {E09EBB0A-7B12-4C8F-8E88-2C1CAD230524}
		{6F037DC5-8FE4-4E9F-AB01-C41BC3970657} = {E09EBB0A-7B12-4C8F-8E88-2C1CAD230524}
		{81D27875-F5C9-423F-BD44-509D7A8F951C} = {DFDE3FCE-63CD-4470-A9CD-5759B280630D}
		{DAD3886B-C8C6-463A-A07D-ED08C85F8D08} = {DFDE3FCE-63CD-4470-A9CD-5759B280630D}
		{B31CFFE3-D0FE-4B48-8886-6ABB2AE8E64F} = {DFDE3FCE-63CD-4470-A9CD-5759B280630D}
		{855C2210-6121-4C67-8162-F1D14B34C035} = {DFDE3FCE-63CD-4470-A9CD-5759B280630D}
		{F5B8F368-604C-4CFD-95E6-6CB7F2BCB832} = {DFDE3FCE-63CD-4470-A9CD-5759B280630D}
	EndGlobalSection
EndGlobal
